
Microsoft Visual Studio Solution File, Format Version 12.00
# Visual Studio 15
VisualStudioVersion = 15.0.27004.2009
MinimumVisualStudioVersion = 10.0.40219.1
Project("{2150E333-8FDC-42A3-9474-1A3956D46DE8}") = "test", "test", "{8463ED7E-69FB-49AE-85CF-0791AFD98E38}"
EndProject
Project("{2150E333-8FDC-42A3-9474-1A3956D46DE8}") = "src", "src", "{DBD7D9B6-FCC7-4650-91AF-E6457573A68F}"
EndProject
Project("{2150E333-8FDC-42A3-9474-1A3956D46DE8}") = "Solution Items", "Solution Items", "{25E69107-C89E-4807-AA31-C49423F0F1E3}"
	ProjectSection(SolutionItems) = preProject
		.deployment = .deployment
		azure-pipelines.yml = azure-pipelines.yml
		CHANGELOG.md = CHANGELOG.md
		Directory.Build.props = Directory.Build.props
		GitHubReleaseNotes.txt = GitHubReleaseNotes.txt
		LICENSE = LICENSE
		README.md = README.md
		report\run-coverlet-local.cmd = report\run-coverlet-local.cmd
	EndProjectSection
EndProject
Project("{FAE04EC0-301F-11D3-BF4B-00C04F79EFBC}") = "EntityFramework.DynamicLinq.Tests.net452", "test\EntityFramework.DynamicLinq.Tests.net452\EntityFramework.DynamicLinq.Tests.net452.csproj", "{6B45E89C-0788-4942-924F-EF6397114BD1}"
EndProject
Project("{9A19103F-16F7-4668-BE54-9A1E7A4F7556}") = "System.Linq.Dynamic.Core", "src\System.Linq.Dynamic.Core\System.Linq.Dynamic.Core.csproj", "{D3804228-91F4-4502-9595-39584E510002}"
EndProject
Project("{9A19103F-16F7-4668-BE54-9A1E7A4F7556}") = "EntityFramework.DynamicLinq", "src\EntityFramework.DynamicLinq\EntityFramework.DynamicLinq.csproj", "{D3804228-91F4-4502-9595-39584E510000}"
EndProject
Project("{9A19103F-16F7-4668-BE54-9A1E7A4F7556}") = "Microsoft.EntityFrameworkCore.DynamicLinq", "src\Microsoft.EntityFrameworkCore.DynamicLinq\Microsoft.EntityFrameworkCore.DynamicLinq.csproj", "{D3804228-91F4-4502-9595-39584E510001}"
EndProject
Project("{9A19103F-16F7-4668-BE54-9A1E7A4F7556}") = "System.Linq.Dynamic.Core.Tests", "test\System.Linq.Dynamic.Core.Tests\System.Linq.Dynamic.Core.Tests.csproj", "{912FBF24-3CAE-4A50-B5EA-E525B9FAEC80}"
	ProjectSection(ProjectDependencies) = postProject
		{D3804228-91F4-4502-9595-39584E510001} = {D3804228-91F4-4502-9595-39584E510001}
	EndProjectSection
EndProject
Project("{9A19103F-16F7-4668-BE54-9A1E7A4F7556}") = "EntityFramework.DynamicLinq.Tests", "test\EntityFramework.DynamicLinq.Tests\EntityFramework.DynamicLinq.Tests.csproj", "{BF97CB1B-5043-4256-8F42-CF3A4F3863BE}"
EndProject
Project("{2150E333-8FDC-42A3-9474-1A3956D46DE8}") = "doc", "doc", "{1384C18E-DCF3-4A5B-9560-2BF5DD8C51CE}"
EndProject
Project("{9A19103F-16F7-4668-BE54-9A1E7A4F7556}") = "System.Linq.Dynamic.Core.SandCastle", "doc\System.Linq.Dynamic.Core.SandCastle\System.Linq.Dynamic.Core.SandCastle.csproj", "{27E54CD4-1D80-4797-88DC-1C535C1E9B4A}"
EndProject
Project("{2150E333-8FDC-42A3-9474-1A3956D46DE8}") = "test-console", "test-console", "{7971CAEB-B9F2-416B-966D-2D697C4C1E62}"
EndProject
Project("{2150E333-8FDC-42A3-9474-1A3956D46DE8}") = "test-uap", "test-uap", "{ECA5702B-5D32-4888-A34E-9461FC533F23}"
EndProject
Project("{9A19103F-16F7-4668-BE54-9A1E7A4F7556}") = "ConsoleApp_netcore2.0_EF2.0.1", "src-console\ConsoleAppEF2.0\ConsoleApp_netcore2.0_EF2.0.1.csproj", "{60CE11E0-E057-45A2-8F8A-73B1BD045BFB}"
EndProject
Project("{9A19103F-16F7-4668-BE54-9A1E7A4F7556}") = "ConsoleApp_netcore1.1_EF1.1.2", "src-console\ConsoleAppEF1.1\ConsoleApp_netcore1.1_EF1.1.2.csproj", "{59E67CE3-5DB7-4D37-B308-E4E22E3DE4F4}"
EndProject
Project("{FAE04EC0-301F-11D3-BF4B-00C04F79EFBC}") = "ConsoleApp_net40_sqlite_original", "src-console\System.Linq.Dynamic.Core.ConsoleTestApp.net40\ConsoleApp_net40_sqlite_original.csproj", "{0EB12661-F5CF-4071-9812-F4C8AF3D4531}"
EndProject
Project("{FAE04EC0-301F-11D3-BF4B-00C04F79EFBC}") = "ConsoleApp_net40_sqlite", "src-console\ConsoleApp_net40_sqlite\ConsoleApp_net40_sqlite.csproj", "{E587974C-19A9-426A-A952-216D5F883EB6}"
EndProject
Project("{FAE04EC0-301F-11D3-BF4B-00C04F79EFBC}") = "ConsoleApp_net452_EF6", "src-console\ConsoleApp_net452_EF6\ConsoleApp_net452_EF6.csproj", "{5DC68E83-ABE0-4887-B17E-1ED4EEE89C2C}"
EndProject
Project("{9A19103F-16F7-4668-BE54-9A1E7A4F7556}") = "ConsoleApp_netcore2.0_EF2.0.2_InMemory", "src-console\ConsoleAppEF2.0.2_InMemory\ConsoleApp_netcore2.0_EF2.0.2_InMemory.csproj", "{437473EE-7FBB-4C28-96EC-41E1AEE161F3}"
EndProject
Project("{FAE04EC0-301F-11D3-BF4B-00C04F79EFBC}") = "MemoryLeakTest167", "src-console\MemoryLeakTest167\MemoryLeakTest167.csproj", "{AD4F83E5-4240-485D-BB5C-F43974F716E4}"
EndProject
Project("{9A19103F-16F7-4668-BE54-9A1E7A4F7556}") = "ConsoleApp_netcore2.0_EF2.1", "src-console\ConsoleAppEF2.1\ConsoleApp_netcore2.0_EF2.1.csproj", "{EDF434F6-70C0-4005-B63E-0C365B3DA42A}"
EndProject
Project("{9A19103F-16F7-4668-BE54-9A1E7A4F7556}") = "ConsoleApp_netcore2.1_EF2.1.1_InMemory", "src-console\ConsoleAppEF2.1.1_InMemory\ConsoleApp_netcore2.1_EF2.1.1_InMemory.csproj", "{E4286D1D-A98C-4516-9E47-CBF9739448DA}"
EndProject
Project("{9A19103F-16F7-4668-BE54-9A1E7A4F7556}") = "ConsoleApp_netcore2.1_EF2.1.1", "src-console\ConsoleAppEF2.1.1\ConsoleApp_netcore2.1_EF2.1.1.csproj", "{F1880F07-238F-4A3A-9E58-141350665E1F}"
EndProject
Project("{FAE04EC0-301F-11D3-BF4B-00C04F79EFBC}") = "WindowsUniversalTestApp14393", "test-uap\WindowsUniversalTestApp14393\WindowsUniversalTestApp14393.csproj", "{926D446C-8358-465A-AFAC-2F9078C22262}"
	ProjectSection(ProjectDependencies) = postProject
		{D3804228-91F4-4502-9595-39584E510002} = {D3804228-91F4-4502-9595-39584E510002}
	EndProjectSection
EndProject
Project("{7CF6DF6D-3B04-46F8-A40B-537D21BCA0B4}") = "System.Linq.Dynamic.Core", "doc\System.Linq.Dynamic.Core.shfbproj", "{591F9224-A8D6-49CF-8AF8-F9B383C1F9FF}"
	ProjectSection(ProjectDependencies) = postProject
		{D3804228-91F4-4502-9595-39584E510000} = {D3804228-91F4-4502-9595-39584E510000}
		{D3804228-91F4-4502-9595-39584E510001} = {D3804228-91F4-4502-9595-39584E510001}
		{D3804228-91F4-4502-9595-39584E510002} = {D3804228-91F4-4502-9595-39584E510002}
	EndProjectSection
EndProject
Project("{9A19103F-16F7-4668-BE54-9A1E7A4F7556}") = "ConsoleAppPerformanceTest236", "src-console\ConsoleAppPerformanceTest236\ConsoleAppPerformanceTest236.csproj", "{E9C52E5E-28DC-4D45-B9AB-1B2CF2924A84}"
EndProject
Project("{FAE04EC0-301F-11D3-BF4B-00C04F79EFBC}") = "ConsoleApp_net452_EF6_Effort", "src-console\ConsoleApp_net452_EF6_Effort\ConsoleApp_net452_EF6_Effort.csproj", "{36B101B1-720B-4770-B222-C6ADD464F9EC}"
EndProject
Global
	GlobalSection(SolutionConfigurationPlatforms) = preSolution
		Debug|Any CPU = Debug|Any CPU
		Debug|ARM = Debug|ARM
		Debug|x64 = Debug|x64
		Debug|x86 = Debug|x86
		Release|Any CPU = Release|Any CPU
		Release|ARM = Release|ARM
		Release|x64 = Release|x64
		Release|x86 = Release|x86
	EndGlobalSection
	GlobalSection(ProjectConfigurationPlatforms) = postSolution
		{6B45E89C-0788-4942-924F-EF6397114BD1}.Debug|Any CPU.ActiveCfg = Debug|Any CPU
		{6B45E89C-0788-4942-924F-EF6397114BD1}.Debug|Any CPU.Build.0 = Debug|Any CPU
		{6B45E89C-0788-4942-924F-EF6397114BD1}.Debug|ARM.ActiveCfg = Debug|Any CPU
		{6B45E89C-0788-4942-924F-EF6397114BD1}.Debug|x64.ActiveCfg = Debug|Any CPU
		{6B45E89C-0788-4942-924F-EF6397114BD1}.Debug|x64.Build.0 = Debug|Any CPU
		{6B45E89C-0788-4942-924F-EF6397114BD1}.Debug|x86.ActiveCfg = Debug|Any CPU
		{6B45E89C-0788-4942-924F-EF6397114BD1}.Debug|x86.Build.0 = Debug|Any CPU
		{6B45E89C-0788-4942-924F-EF6397114BD1}.Release|Any CPU.ActiveCfg = Release|Any CPU
		{6B45E89C-0788-4942-924F-EF6397114BD1}.Release|Any CPU.Build.0 = Release|Any CPU
		{6B45E89C-0788-4942-924F-EF6397114BD1}.Release|ARM.ActiveCfg = Release|Any CPU
		{6B45E89C-0788-4942-924F-EF6397114BD1}.Release|x64.ActiveCfg = Release|Any CPU
		{6B45E89C-0788-4942-924F-EF6397114BD1}.Release|x64.Build.0 = Release|Any CPU
		{6B45E89C-0788-4942-924F-EF6397114BD1}.Release|x86.ActiveCfg = Release|Any CPU
		{6B45E89C-0788-4942-924F-EF6397114BD1}.Release|x86.Build.0 = Release|Any CPU
		{D3804228-91F4-4502-9595-39584E510002}.Debug|Any CPU.ActiveCfg = Debug|Any CPU
		{D3804228-91F4-4502-9595-39584E510002}.Debug|Any CPU.Build.0 = Debug|Any CPU
		{D3804228-91F4-4502-9595-39584E510002}.Debug|ARM.ActiveCfg = Debug|Any CPU
		{D3804228-91F4-4502-9595-39584E510002}.Debug|ARM.Build.0 = Debug|Any CPU
		{D3804228-91F4-4502-9595-39584E510002}.Debug|x64.ActiveCfg = Debug|Any CPU
		{D3804228-91F4-4502-9595-39584E510002}.Debug|x64.Build.0 = Debug|Any CPU
		{D3804228-91F4-4502-9595-39584E510002}.Debug|x86.ActiveCfg = Debug|Any CPU
		{D3804228-91F4-4502-9595-39584E510002}.Debug|x86.Build.0 = Debug|Any CPU
		{D3804228-91F4-4502-9595-39584E510002}.Release|Any CPU.ActiveCfg = Release|Any CPU
		{D3804228-91F4-4502-9595-39584E510002}.Release|Any CPU.Build.0 = Release|Any CPU
		{D3804228-91F4-4502-9595-39584E510002}.Release|ARM.ActiveCfg = Release|Any CPU
		{D3804228-91F4-4502-9595-39584E510002}.Release|ARM.Build.0 = Release|Any CPU
		{D3804228-91F4-4502-9595-39584E510002}.Release|x64.ActiveCfg = Release|Any CPU
		{D3804228-91F4-4502-9595-39584E510002}.Release|x64.Build.0 = Release|Any CPU
		{D3804228-91F4-4502-9595-39584E510002}.Release|x86.ActiveCfg = Release|Any CPU
		{D3804228-91F4-4502-9595-39584E510002}.Release|x86.Build.0 = Release|Any CPU
		{D3804228-91F4-4502-9595-39584E510000}.Debug|Any CPU.ActiveCfg = Debug|Any CPU
		{D3804228-91F4-4502-9595-39584E510000}.Debug|Any CPU.Build.0 = Debug|Any CPU
		{D3804228-91F4-4502-9595-39584E510000}.Debug|ARM.ActiveCfg = Debug|Any CPU
		{D3804228-91F4-4502-9595-39584E510000}.Debug|ARM.Build.0 = Debug|Any CPU
		{D3804228-91F4-4502-9595-39584E510000}.Debug|x64.ActiveCfg = Debug|Any CPU
		{D3804228-91F4-4502-9595-39584E510000}.Debug|x64.Build.0 = Debug|Any CPU
		{D3804228-91F4-4502-9595-39584E510000}.Debug|x86.ActiveCfg = Debug|Any CPU
		{D3804228-91F4-4502-9595-39584E510000}.Debug|x86.Build.0 = Debug|Any CPU
		{D3804228-91F4-4502-9595-39584E510000}.Release|Any CPU.ActiveCfg = Release|Any CPU
		{D3804228-91F4-4502-9595-39584E510000}.Release|Any CPU.Build.0 = Release|Any CPU
		{D3804228-91F4-4502-9595-39584E510000}.Release|ARM.ActiveCfg = Release|Any CPU
		{D3804228-91F4-4502-9595-39584E510000}.Release|ARM.Build.0 = Release|Any CPU
		{D3804228-91F4-4502-9595-39584E510000}.Release|x64.ActiveCfg = Release|Any CPU
		{D3804228-91F4-4502-9595-39584E510000}.Release|x64.Build.0 = Release|Any CPU
		{D3804228-91F4-4502-9595-39584E510000}.Release|x86.ActiveCfg = Release|Any CPU
		{D3804228-91F4-4502-9595-39584E510000}.Release|x86.Build.0 = Release|Any CPU
		{D3804228-91F4-4502-9595-39584E510001}.Debug|Any CPU.ActiveCfg = Debug|Any CPU
		{D3804228-91F4-4502-9595-39584E510001}.Debug|Any CPU.Build.0 = Debug|Any CPU
		{D3804228-91F4-4502-9595-39584E510001}.Debug|ARM.ActiveCfg = Debug|Any CPU
		{D3804228-91F4-4502-9595-39584E510001}.Debug|ARM.Build.0 = Debug|Any CPU
		{D3804228-91F4-4502-9595-39584E510001}.Debug|x64.ActiveCfg = Debug|Any CPU
		{D3804228-91F4-4502-9595-39584E510001}.Debug|x64.Build.0 = Debug|Any CPU
		{D3804228-91F4-4502-9595-39584E510001}.Debug|x86.ActiveCfg = Debug|Any CPU
		{D3804228-91F4-4502-9595-39584E510001}.Debug|x86.Build.0 = Debug|Any CPU
		{D3804228-91F4-4502-9595-39584E510001}.Release|Any CPU.ActiveCfg = Release|Any CPU
		{D3804228-91F4-4502-9595-39584E510001}.Release|Any CPU.Build.0 = Release|Any CPU
		{D3804228-91F4-4502-9595-39584E510001}.Release|ARM.ActiveCfg = Release|Any CPU
		{D3804228-91F4-4502-9595-39584E510001}.Release|ARM.Build.0 = Release|Any CPU
		{D3804228-91F4-4502-9595-39584E510001}.Release|x64.ActiveCfg = Release|Any CPU
		{D3804228-91F4-4502-9595-39584E510001}.Release|x64.Build.0 = Release|Any CPU
		{D3804228-91F4-4502-9595-39584E510001}.Release|x86.ActiveCfg = Release|Any CPU
		{D3804228-91F4-4502-9595-39584E510001}.Release|x86.Build.0 = Release|Any CPU
		{912FBF24-3CAE-4A50-B5EA-E525B9FAEC80}.Debug|Any CPU.ActiveCfg = Debug|Any CPU
		{912FBF24-3CAE-4A50-B5EA-E525B9FAEC80}.Debug|Any CPU.Build.0 = Debug|Any CPU
		{912FBF24-3CAE-4A50-B5EA-E525B9FAEC80}.Debug|ARM.ActiveCfg = Debug|Any CPU
		{912FBF24-3CAE-4A50-B5EA-E525B9FAEC80}.Debug|ARM.Build.0 = Debug|Any CPU
		{912FBF24-3CAE-4A50-B5EA-E525B9FAEC80}.Debug|x64.ActiveCfg = Debug|Any CPU
		{912FBF24-3CAE-4A50-B5EA-E525B9FAEC80}.Debug|x64.Build.0 = Debug|Any CPU
		{912FBF24-3CAE-4A50-B5EA-E525B9FAEC80}.Debug|x86.ActiveCfg = Debug|Any CPU
		{912FBF24-3CAE-4A50-B5EA-E525B9FAEC80}.Debug|x86.Build.0 = Debug|Any CPU
		{912FBF24-3CAE-4A50-B5EA-E525B9FAEC80}.Release|Any CPU.ActiveCfg = Release|Any CPU
		{912FBF24-3CAE-4A50-B5EA-E525B9FAEC80}.Release|Any CPU.Build.0 = Release|Any CPU
		{912FBF24-3CAE-4A50-B5EA-E525B9FAEC80}.Release|ARM.ActiveCfg = Release|Any CPU
		{912FBF24-3CAE-4A50-B5EA-E525B9FAEC80}.Release|ARM.Build.0 = Release|Any CPU
		{912FBF24-3CAE-4A50-B5EA-E525B9FAEC80}.Release|x64.ActiveCfg = Release|Any CPU
		{912FBF24-3CAE-4A50-B5EA-E525B9FAEC80}.Release|x64.Build.0 = Release|Any CPU
		{912FBF24-3CAE-4A50-B5EA-E525B9FAEC80}.Release|x86.ActiveCfg = Release|Any CPU
		{912FBF24-3CAE-4A50-B5EA-E525B9FAEC80}.Release|x86.Build.0 = Release|Any CPU
		{BF97CB1B-5043-4256-8F42-CF3A4F3863BE}.Debug|Any CPU.ActiveCfg = Debug|Any CPU
		{BF97CB1B-5043-4256-8F42-CF3A4F3863BE}.Debug|Any CPU.Build.0 = Debug|Any CPU
		{BF97CB1B-5043-4256-8F42-CF3A4F3863BE}.Debug|ARM.ActiveCfg = Debug|Any CPU
		{BF97CB1B-5043-4256-8F42-CF3A4F3863BE}.Debug|ARM.Build.0 = Debug|Any CPU
		{BF97CB1B-5043-4256-8F42-CF3A4F3863BE}.Debug|x64.ActiveCfg = Debug|Any CPU
		{BF97CB1B-5043-4256-8F42-CF3A4F3863BE}.Debug|x64.Build.0 = Debug|Any CPU
		{BF97CB1B-5043-4256-8F42-CF3A4F3863BE}.Debug|x86.ActiveCfg = Debug|Any CPU
		{BF97CB1B-5043-4256-8F42-CF3A4F3863BE}.Debug|x86.Build.0 = Debug|Any CPU
		{BF97CB1B-5043-4256-8F42-CF3A4F3863BE}.Release|Any CPU.ActiveCfg = Release|Any CPU
		{BF97CB1B-5043-4256-8F42-CF3A4F3863BE}.Release|Any CPU.Build.0 = Release|Any CPU
		{BF97CB1B-5043-4256-8F42-CF3A4F3863BE}.Release|ARM.ActiveCfg = Release|Any CPU
		{BF97CB1B-5043-4256-8F42-CF3A4F3863BE}.Release|ARM.Build.0 = Release|Any CPU
		{BF97CB1B-5043-4256-8F42-CF3A4F3863BE}.Release|x64.ActiveCfg = Release|Any CPU
		{BF97CB1B-5043-4256-8F42-CF3A4F3863BE}.Release|x64.Build.0 = Release|Any CPU
		{BF97CB1B-5043-4256-8F42-CF3A4F3863BE}.Release|x86.ActiveCfg = Release|Any CPU
		{BF97CB1B-5043-4256-8F42-CF3A4F3863BE}.Release|x86.Build.0 = Release|Any CPU
		{27E54CD4-1D80-4797-88DC-1C535C1E9B4A}.Debug|Any CPU.ActiveCfg = Debug|Any CPU
		{27E54CD4-1D80-4797-88DC-1C535C1E9B4A}.Debug|ARM.ActiveCfg = Debug|Any CPU
		{27E54CD4-1D80-4797-88DC-1C535C1E9B4A}.Debug|ARM.Build.0 = Debug|Any CPU
		{27E54CD4-1D80-4797-88DC-1C535C1E9B4A}.Debug|x64.ActiveCfg = Debug|Any CPU
		{27E54CD4-1D80-4797-88DC-1C535C1E9B4A}.Debug|x64.Build.0 = Debug|Any CPU
		{27E54CD4-1D80-4797-88DC-1C535C1E9B4A}.Debug|x86.ActiveCfg = Debug|Any CPU
		{27E54CD4-1D80-4797-88DC-1C535C1E9B4A}.Debug|x86.Build.0 = Debug|Any CPU
		{27E54CD4-1D80-4797-88DC-1C535C1E9B4A}.Release|Any CPU.ActiveCfg = Release|Any CPU
		{27E54CD4-1D80-4797-88DC-1C535C1E9B4A}.Release|ARM.ActiveCfg = Release|Any CPU
		{27E54CD4-1D80-4797-88DC-1C535C1E9B4A}.Release|ARM.Build.0 = Release|Any CPU
		{27E54CD4-1D80-4797-88DC-1C535C1E9B4A}.Release|x64.ActiveCfg = Release|Any CPU
		{27E54CD4-1D80-4797-88DC-1C535C1E9B4A}.Release|x64.Build.0 = Release|Any CPU
		{27E54CD4-1D80-4797-88DC-1C535C1E9B4A}.Release|x86.ActiveCfg = Release|Any CPU
		{27E54CD4-1D80-4797-88DC-1C535C1E9B4A}.Release|x86.Build.0 = Release|Any CPU
		{60CE11E0-E057-45A2-8F8A-73B1BD045BFB}.Debug|Any CPU.ActiveCfg = Debug|Any CPU
		{60CE11E0-E057-45A2-8F8A-73B1BD045BFB}.Debug|Any CPU.Build.0 = Debug|Any CPU
		{60CE11E0-E057-45A2-8F8A-73B1BD045BFB}.Debug|ARM.ActiveCfg = Debug|Any CPU
		{60CE11E0-E057-45A2-8F8A-73B1BD045BFB}.Debug|ARM.Build.0 = Debug|Any CPU
		{60CE11E0-E057-45A2-8F8A-73B1BD045BFB}.Debug|x64.ActiveCfg = Debug|Any CPU
		{60CE11E0-E057-45A2-8F8A-73B1BD045BFB}.Debug|x64.Build.0 = Debug|Any CPU
		{60CE11E0-E057-45A2-8F8A-73B1BD045BFB}.Debug|x86.ActiveCfg = Debug|Any CPU
		{60CE11E0-E057-45A2-8F8A-73B1BD045BFB}.Debug|x86.Build.0 = Debug|Any CPU
		{60CE11E0-E057-45A2-8F8A-73B1BD045BFB}.Release|Any CPU.ActiveCfg = Release|Any CPU
		{60CE11E0-E057-45A2-8F8A-73B1BD045BFB}.Release|Any CPU.Build.0 = Release|Any CPU
		{60CE11E0-E057-45A2-8F8A-73B1BD045BFB}.Release|ARM.ActiveCfg = Release|Any CPU
		{60CE11E0-E057-45A2-8F8A-73B1BD045BFB}.Release|ARM.Build.0 = Release|Any CPU
		{60CE11E0-E057-45A2-8F8A-73B1BD045BFB}.Release|x64.ActiveCfg = Release|Any CPU
		{60CE11E0-E057-45A2-8F8A-73B1BD045BFB}.Release|x64.Build.0 = Release|Any CPU
		{60CE11E0-E057-45A2-8F8A-73B1BD045BFB}.Release|x86.ActiveCfg = Release|Any CPU
		{60CE11E0-E057-45A2-8F8A-73B1BD045BFB}.Release|x86.Build.0 = Release|Any CPU
		{59E67CE3-5DB7-4D37-B308-E4E22E3DE4F4}.Debug|Any CPU.ActiveCfg = Debug|Any CPU
		{59E67CE3-5DB7-4D37-B308-E4E22E3DE4F4}.Debug|Any CPU.Build.0 = Debug|Any CPU
		{59E67CE3-5DB7-4D37-B308-E4E22E3DE4F4}.Debug|ARM.ActiveCfg = Debug|Any CPU
		{59E67CE3-5DB7-4D37-B308-E4E22E3DE4F4}.Debug|ARM.Build.0 = Debug|Any CPU
		{59E67CE3-5DB7-4D37-B308-E4E22E3DE4F4}.Debug|x64.ActiveCfg = Debug|Any CPU
		{59E67CE3-5DB7-4D37-B308-E4E22E3DE4F4}.Debug|x64.Build.0 = Debug|Any CPU
		{59E67CE3-5DB7-4D37-B308-E4E22E3DE4F4}.Debug|x86.ActiveCfg = Debug|Any CPU
		{59E67CE3-5DB7-4D37-B308-E4E22E3DE4F4}.Debug|x86.Build.0 = Debug|Any CPU
		{59E67CE3-5DB7-4D37-B308-E4E22E3DE4F4}.Release|Any CPU.ActiveCfg = Release|Any CPU
		{59E67CE3-5DB7-4D37-B308-E4E22E3DE4F4}.Release|Any CPU.Build.0 = Release|Any CPU
		{59E67CE3-5DB7-4D37-B308-E4E22E3DE4F4}.Release|ARM.ActiveCfg = Release|Any CPU
		{59E67CE3-5DB7-4D37-B308-E4E22E3DE4F4}.Release|ARM.Build.0 = Release|Any CPU
		{59E67CE3-5DB7-4D37-B308-E4E22E3DE4F4}.Release|x64.ActiveCfg = Release|Any CPU
		{59E67CE3-5DB7-4D37-B308-E4E22E3DE4F4}.Release|x64.Build.0 = Release|Any CPU
		{59E67CE3-5DB7-4D37-B308-E4E22E3DE4F4}.Release|x86.ActiveCfg = Release|Any CPU
		{59E67CE3-5DB7-4D37-B308-E4E22E3DE4F4}.Release|x86.Build.0 = Release|Any CPU
		{0EB12661-F5CF-4071-9812-F4C8AF3D4531}.Debug|Any CPU.ActiveCfg = Debug|Any CPU
		{0EB12661-F5CF-4071-9812-F4C8AF3D4531}.Debug|Any CPU.Build.0 = Debug|Any CPU
		{0EB12661-F5CF-4071-9812-F4C8AF3D4531}.Debug|ARM.ActiveCfg = Debug|Any CPU
		{0EB12661-F5CF-4071-9812-F4C8AF3D4531}.Debug|ARM.Build.0 = Debug|Any CPU
		{0EB12661-F5CF-4071-9812-F4C8AF3D4531}.Debug|x64.ActiveCfg = Debug|Any CPU
		{0EB12661-F5CF-4071-9812-F4C8AF3D4531}.Debug|x64.Build.0 = Debug|Any CPU
		{0EB12661-F5CF-4071-9812-F4C8AF3D4531}.Debug|x86.ActiveCfg = Debug|Any CPU
		{0EB12661-F5CF-4071-9812-F4C8AF3D4531}.Debug|x86.Build.0 = Debug|Any CPU
		{0EB12661-F5CF-4071-9812-F4C8AF3D4531}.Release|Any CPU.ActiveCfg = Release|Any CPU
		{0EB12661-F5CF-4071-9812-F4C8AF3D4531}.Release|Any CPU.Build.0 = Release|Any CPU
		{0EB12661-F5CF-4071-9812-F4C8AF3D4531}.Release|ARM.ActiveCfg = Release|Any CPU
		{0EB12661-F5CF-4071-9812-F4C8AF3D4531}.Release|ARM.Build.0 = Release|Any CPU
		{0EB12661-F5CF-4071-9812-F4C8AF3D4531}.Release|x64.ActiveCfg = Release|Any CPU
		{0EB12661-F5CF-4071-9812-F4C8AF3D4531}.Release|x64.Build.0 = Release|Any CPU
		{0EB12661-F5CF-4071-9812-F4C8AF3D4531}.Release|x86.ActiveCfg = Release|Any CPU
		{0EB12661-F5CF-4071-9812-F4C8AF3D4531}.Release|x86.Build.0 = Release|Any CPU
		{E587974C-19A9-426A-A952-216D5F883EB6}.Debug|Any CPU.ActiveCfg = Debug|Any CPU
		{E587974C-19A9-426A-A952-216D5F883EB6}.Debug|Any CPU.Build.0 = Debug|Any CPU
		{E587974C-19A9-426A-A952-216D5F883EB6}.Debug|ARM.ActiveCfg = Debug|Any CPU
		{E587974C-19A9-426A-A952-216D5F883EB6}.Debug|ARM.Build.0 = Debug|Any CPU
		{E587974C-19A9-426A-A952-216D5F883EB6}.Debug|x64.ActiveCfg = Debug|Any CPU
		{E587974C-19A9-426A-A952-216D5F883EB6}.Debug|x64.Build.0 = Debug|Any CPU
		{E587974C-19A9-426A-A952-216D5F883EB6}.Debug|x86.ActiveCfg = Debug|Any CPU
		{E587974C-19A9-426A-A952-216D5F883EB6}.Debug|x86.Build.0 = Debug|Any CPU
		{E587974C-19A9-426A-A952-216D5F883EB6}.Release|Any CPU.ActiveCfg = Release|Any CPU
		{E587974C-19A9-426A-A952-216D5F883EB6}.Release|Any CPU.Build.0 = Release|Any CPU
		{E587974C-19A9-426A-A952-216D5F883EB6}.Release|ARM.ActiveCfg = Release|Any CPU
		{E587974C-19A9-426A-A952-216D5F883EB6}.Release|ARM.Build.0 = Release|Any CPU
		{E587974C-19A9-426A-A952-216D5F883EB6}.Release|x64.ActiveCfg = Release|Any CPU
		{E587974C-19A9-426A-A952-216D5F883EB6}.Release|x64.Build.0 = Release|Any CPU
		{E587974C-19A9-426A-A952-216D5F883EB6}.Release|x86.ActiveCfg = Release|Any CPU
		{E587974C-19A9-426A-A952-216D5F883EB6}.Release|x86.Build.0 = Release|Any CPU
		{5DC68E83-ABE0-4887-B17E-1ED4EEE89C2C}.Debug|Any CPU.ActiveCfg = Debug|Any CPU
		{5DC68E83-ABE0-4887-B17E-1ED4EEE89C2C}.Debug|Any CPU.Build.0 = Debug|Any CPU
		{5DC68E83-ABE0-4887-B17E-1ED4EEE89C2C}.Debug|ARM.ActiveCfg = Debug|Any CPU
		{5DC68E83-ABE0-4887-B17E-1ED4EEE89C2C}.Debug|ARM.Build.0 = Debug|Any CPU
		{5DC68E83-ABE0-4887-B17E-1ED4EEE89C2C}.Debug|x64.ActiveCfg = Debug|Any CPU
		{5DC68E83-ABE0-4887-B17E-1ED4EEE89C2C}.Debug|x64.Build.0 = Debug|Any CPU
		{5DC68E83-ABE0-4887-B17E-1ED4EEE89C2C}.Debug|x86.ActiveCfg = Debug|Any CPU
		{5DC68E83-ABE0-4887-B17E-1ED4EEE89C2C}.Debug|x86.Build.0 = Debug|Any CPU
		{5DC68E83-ABE0-4887-B17E-1ED4EEE89C2C}.Release|Any CPU.ActiveCfg = Release|Any CPU
		{5DC68E83-ABE0-4887-B17E-1ED4EEE89C2C}.Release|Any CPU.Build.0 = Release|Any CPU
		{5DC68E83-ABE0-4887-B17E-1ED4EEE89C2C}.Release|ARM.ActiveCfg = Release|Any CPU
		{5DC68E83-ABE0-4887-B17E-1ED4EEE89C2C}.Release|ARM.Build.0 = Release|Any CPU
		{5DC68E83-ABE0-4887-B17E-1ED4EEE89C2C}.Release|x64.ActiveCfg = Release|Any CPU
		{5DC68E83-ABE0-4887-B17E-1ED4EEE89C2C}.Release|x64.Build.0 = Release|Any CPU
		{5DC68E83-ABE0-4887-B17E-1ED4EEE89C2C}.Release|x86.ActiveCfg = Release|Any CPU
		{5DC68E83-ABE0-4887-B17E-1ED4EEE89C2C}.Release|x86.Build.0 = Release|Any CPU
		{437473EE-7FBB-4C28-96EC-41E1AEE161F3}.Debug|Any CPU.ActiveCfg = Debug|Any CPU
		{437473EE-7FBB-4C28-96EC-41E1AEE161F3}.Debug|Any CPU.Build.0 = Debug|Any CPU
		{437473EE-7FBB-4C28-96EC-41E1AEE161F3}.Debug|ARM.ActiveCfg = Debug|Any CPU
		{437473EE-7FBB-4C28-96EC-41E1AEE161F3}.Debug|ARM.Build.0 = Debug|Any CPU
		{437473EE-7FBB-4C28-96EC-41E1AEE161F3}.Debug|x64.ActiveCfg = Debug|Any CPU
		{437473EE-7FBB-4C28-96EC-41E1AEE161F3}.Debug|x64.Build.0 = Debug|Any CPU
		{437473EE-7FBB-4C28-96EC-41E1AEE161F3}.Debug|x86.ActiveCfg = Debug|Any CPU
		{437473EE-7FBB-4C28-96EC-41E1AEE161F3}.Debug|x86.Build.0 = Debug|Any CPU
		{437473EE-7FBB-4C28-96EC-41E1AEE161F3}.Release|Any CPU.ActiveCfg = Release|Any CPU
		{437473EE-7FBB-4C28-96EC-41E1AEE161F3}.Release|Any CPU.Build.0 = Release|Any CPU
		{437473EE-7FBB-4C28-96EC-41E1AEE161F3}.Release|ARM.ActiveCfg = Release|Any CPU
		{437473EE-7FBB-4C28-96EC-41E1AEE161F3}.Release|ARM.Build.0 = Release|Any CPU
		{437473EE-7FBB-4C28-96EC-41E1AEE161F3}.Release|x64.ActiveCfg = Release|Any CPU
		{437473EE-7FBB-4C28-96EC-41E1AEE161F3}.Release|x64.Build.0 = Release|Any CPU
		{437473EE-7FBB-4C28-96EC-41E1AEE161F3}.Release|x86.ActiveCfg = Release|Any CPU
		{437473EE-7FBB-4C28-96EC-41E1AEE161F3}.Release|x86.Build.0 = Release|Any CPU
		{AD4F83E5-4240-485D-BB5C-F43974F716E4}.Debug|Any CPU.ActiveCfg = Debug|Any CPU
		{AD4F83E5-4240-485D-BB5C-F43974F716E4}.Debug|Any CPU.Build.0 = Debug|Any CPU
		{AD4F83E5-4240-485D-BB5C-F43974F716E4}.Debug|ARM.ActiveCfg = Debug|Any CPU
		{AD4F83E5-4240-485D-BB5C-F43974F716E4}.Debug|ARM.Build.0 = Debug|Any CPU
		{AD4F83E5-4240-485D-BB5C-F43974F716E4}.Debug|x64.ActiveCfg = Debug|Any CPU
		{AD4F83E5-4240-485D-BB5C-F43974F716E4}.Debug|x64.Build.0 = Debug|Any CPU
		{AD4F83E5-4240-485D-BB5C-F43974F716E4}.Debug|x86.ActiveCfg = Debug|Any CPU
		{AD4F83E5-4240-485D-BB5C-F43974F716E4}.Debug|x86.Build.0 = Debug|Any CPU
		{AD4F83E5-4240-485D-BB5C-F43974F716E4}.Release|Any CPU.ActiveCfg = Release|Any CPU
		{AD4F83E5-4240-485D-BB5C-F43974F716E4}.Release|Any CPU.Build.0 = Release|Any CPU
		{AD4F83E5-4240-485D-BB5C-F43974F716E4}.Release|ARM.ActiveCfg = Release|Any CPU
		{AD4F83E5-4240-485D-BB5C-F43974F716E4}.Release|ARM.Build.0 = Release|Any CPU
		{AD4F83E5-4240-485D-BB5C-F43974F716E4}.Release|x64.ActiveCfg = Release|Any CPU
		{AD4F83E5-4240-485D-BB5C-F43974F716E4}.Release|x64.Build.0 = Release|Any CPU
		{AD4F83E5-4240-485D-BB5C-F43974F716E4}.Release|x86.ActiveCfg = Release|Any CPU
		{AD4F83E5-4240-485D-BB5C-F43974F716E4}.Release|x86.Build.0 = Release|Any CPU
		{EDF434F6-70C0-4005-B63E-0C365B3DA42A}.Debug|Any CPU.ActiveCfg = Debug|Any CPU
		{EDF434F6-70C0-4005-B63E-0C365B3DA42A}.Debug|Any CPU.Build.0 = Debug|Any CPU
		{EDF434F6-70C0-4005-B63E-0C365B3DA42A}.Debug|ARM.ActiveCfg = Debug|Any CPU
		{EDF434F6-70C0-4005-B63E-0C365B3DA42A}.Debug|ARM.Build.0 = Debug|Any CPU
		{EDF434F6-70C0-4005-B63E-0C365B3DA42A}.Debug|x64.ActiveCfg = Debug|Any CPU
		{EDF434F6-70C0-4005-B63E-0C365B3DA42A}.Debug|x64.Build.0 = Debug|Any CPU
		{EDF434F6-70C0-4005-B63E-0C365B3DA42A}.Debug|x86.ActiveCfg = Debug|Any CPU
		{EDF434F6-70C0-4005-B63E-0C365B3DA42A}.Debug|x86.Build.0 = Debug|Any CPU
		{EDF434F6-70C0-4005-B63E-0C365B3DA42A}.Release|Any CPU.ActiveCfg = Release|Any CPU
		{EDF434F6-70C0-4005-B63E-0C365B3DA42A}.Release|Any CPU.Build.0 = Release|Any CPU
		{EDF434F6-70C0-4005-B63E-0C365B3DA42A}.Release|ARM.ActiveCfg = Release|Any CPU
		{EDF434F6-70C0-4005-B63E-0C365B3DA42A}.Release|ARM.Build.0 = Release|Any CPU
		{EDF434F6-70C0-4005-B63E-0C365B3DA42A}.Release|x64.ActiveCfg = Release|Any CPU
		{EDF434F6-70C0-4005-B63E-0C365B3DA42A}.Release|x64.Build.0 = Release|Any CPU
		{EDF434F6-70C0-4005-B63E-0C365B3DA42A}.Release|x86.ActiveCfg = Release|Any CPU
		{EDF434F6-70C0-4005-B63E-0C365B3DA42A}.Release|x86.Build.0 = Release|Any CPU
		{E4286D1D-A98C-4516-9E47-CBF9739448DA}.Debug|Any CPU.ActiveCfg = Debug|Any CPU
		{E4286D1D-A98C-4516-9E47-CBF9739448DA}.Debug|Any CPU.Build.0 = Debug|Any CPU
		{E4286D1D-A98C-4516-9E47-CBF9739448DA}.Debug|ARM.ActiveCfg = Debug|Any CPU
		{E4286D1D-A98C-4516-9E47-CBF9739448DA}.Debug|ARM.Build.0 = Debug|Any CPU
		{E4286D1D-A98C-4516-9E47-CBF9739448DA}.Debug|x64.ActiveCfg = Debug|Any CPU
		{E4286D1D-A98C-4516-9E47-CBF9739448DA}.Debug|x64.Build.0 = Debug|Any CPU
		{E4286D1D-A98C-4516-9E47-CBF9739448DA}.Debug|x86.ActiveCfg = Debug|Any CPU
		{E4286D1D-A98C-4516-9E47-CBF9739448DA}.Debug|x86.Build.0 = Debug|Any CPU
		{E4286D1D-A98C-4516-9E47-CBF9739448DA}.Release|Any CPU.ActiveCfg = Release|Any CPU
		{E4286D1D-A98C-4516-9E47-CBF9739448DA}.Release|Any CPU.Build.0 = Release|Any CPU
		{E4286D1D-A98C-4516-9E47-CBF9739448DA}.Release|ARM.ActiveCfg = Release|Any CPU
		{E4286D1D-A98C-4516-9E47-CBF9739448DA}.Release|ARM.Build.0 = Release|Any CPU
		{E4286D1D-A98C-4516-9E47-CBF9739448DA}.Release|x64.ActiveCfg = Release|Any CPU
		{E4286D1D-A98C-4516-9E47-CBF9739448DA}.Release|x64.Build.0 = Release|Any CPU
		{E4286D1D-A98C-4516-9E47-CBF9739448DA}.Release|x86.ActiveCfg = Release|Any CPU
		{E4286D1D-A98C-4516-9E47-CBF9739448DA}.Release|x86.Build.0 = Release|Any CPU
		{F1880F07-238F-4A3A-9E58-141350665E1F}.Debug|Any CPU.ActiveCfg = Debug|Any CPU
		{F1880F07-238F-4A3A-9E58-141350665E1F}.Debug|Any CPU.Build.0 = Debug|Any CPU
		{F1880F07-238F-4A3A-9E58-141350665E1F}.Debug|ARM.ActiveCfg = Debug|Any CPU
		{F1880F07-238F-4A3A-9E58-141350665E1F}.Debug|ARM.Build.0 = Debug|Any CPU
		{F1880F07-238F-4A3A-9E58-141350665E1F}.Debug|x64.ActiveCfg = Debug|Any CPU
		{F1880F07-238F-4A3A-9E58-141350665E1F}.Debug|x64.Build.0 = Debug|Any CPU
		{F1880F07-238F-4A3A-9E58-141350665E1F}.Debug|x86.ActiveCfg = Debug|Any CPU
		{F1880F07-238F-4A3A-9E58-141350665E1F}.Debug|x86.Build.0 = Debug|Any CPU
		{F1880F07-238F-4A3A-9E58-141350665E1F}.Release|Any CPU.ActiveCfg = Release|Any CPU
		{F1880F07-238F-4A3A-9E58-141350665E1F}.Release|Any CPU.Build.0 = Release|Any CPU
		{F1880F07-238F-4A3A-9E58-141350665E1F}.Release|ARM.ActiveCfg = Release|Any CPU
		{F1880F07-238F-4A3A-9E58-141350665E1F}.Release|ARM.Build.0 = Release|Any CPU
		{F1880F07-238F-4A3A-9E58-141350665E1F}.Release|x64.ActiveCfg = Release|Any CPU
		{F1880F07-238F-4A3A-9E58-141350665E1F}.Release|x64.Build.0 = Release|Any CPU
		{F1880F07-238F-4A3A-9E58-141350665E1F}.Release|x86.ActiveCfg = Release|Any CPU
		{F1880F07-238F-4A3A-9E58-141350665E1F}.Release|x86.Build.0 = Release|Any CPU
		{926D446C-8358-465A-AFAC-2F9078C22262}.Debug|Any CPU.ActiveCfg = Debug|x86
		{926D446C-8358-465A-AFAC-2F9078C22262}.Debug|ARM.ActiveCfg = Debug|ARM
		{926D446C-8358-465A-AFAC-2F9078C22262}.Debug|ARM.Build.0 = Debug|ARM
		{926D446C-8358-465A-AFAC-2F9078C22262}.Debug|ARM.Deploy.0 = Debug|ARM
		{926D446C-8358-465A-AFAC-2F9078C22262}.Debug|x64.ActiveCfg = Debug|x64
		{926D446C-8358-465A-AFAC-2F9078C22262}.Debug|x64.Build.0 = Debug|x64
		{926D446C-8358-465A-AFAC-2F9078C22262}.Debug|x64.Deploy.0 = Debug|x64
		{926D446C-8358-465A-AFAC-2F9078C22262}.Debug|x86.ActiveCfg = Debug|x86
		{926D446C-8358-465A-AFAC-2F9078C22262}.Debug|x86.Build.0 = Debug|x86
		{926D446C-8358-465A-AFAC-2F9078C22262}.Debug|x86.Deploy.0 = Debug|x86
		{926D446C-8358-465A-AFAC-2F9078C22262}.Release|Any CPU.ActiveCfg = Release|x86
		{926D446C-8358-465A-AFAC-2F9078C22262}.Release|ARM.ActiveCfg = Release|ARM
		{926D446C-8358-465A-AFAC-2F9078C22262}.Release|ARM.Build.0 = Release|ARM
		{926D446C-8358-465A-AFAC-2F9078C22262}.Release|ARM.Deploy.0 = Release|ARM
		{926D446C-8358-465A-AFAC-2F9078C22262}.Release|x64.ActiveCfg = Release|x64
		{926D446C-8358-465A-AFAC-2F9078C22262}.Release|x64.Build.0 = Release|x64
		{926D446C-8358-465A-AFAC-2F9078C22262}.Release|x64.Deploy.0 = Release|x64
		{926D446C-8358-465A-AFAC-2F9078C22262}.Release|x86.ActiveCfg = Release|x86
		{926D446C-8358-465A-AFAC-2F9078C22262}.Release|x86.Build.0 = Release|x86
		{926D446C-8358-465A-AFAC-2F9078C22262}.Release|x86.Deploy.0 = Release|x86
		{591F9224-A8D6-49CF-8AF8-F9B383C1F9FF}.Debug|Any CPU.ActiveCfg = Debug|Any CPU
		{591F9224-A8D6-49CF-8AF8-F9B383C1F9FF}.Debug|ARM.ActiveCfg = Debug|Any CPU
		{591F9224-A8D6-49CF-8AF8-F9B383C1F9FF}.Debug|ARM.Build.0 = Debug|Any CPU
		{591F9224-A8D6-49CF-8AF8-F9B383C1F9FF}.Debug|x64.ActiveCfg = Debug|Any CPU
		{591F9224-A8D6-49CF-8AF8-F9B383C1F9FF}.Debug|x64.Build.0 = Debug|Any CPU
		{591F9224-A8D6-49CF-8AF8-F9B383C1F9FF}.Debug|x86.ActiveCfg = Debug|Any CPU
		{591F9224-A8D6-49CF-8AF8-F9B383C1F9FF}.Debug|x86.Build.0 = Debug|Any CPU
		{591F9224-A8D6-49CF-8AF8-F9B383C1F9FF}.Release|Any CPU.ActiveCfg = Release|Any CPU
		{591F9224-A8D6-49CF-8AF8-F9B383C1F9FF}.Release|ARM.ActiveCfg = Release|Any CPU
		{591F9224-A8D6-49CF-8AF8-F9B383C1F9FF}.Release|ARM.Build.0 = Release|Any CPU
		{591F9224-A8D6-49CF-8AF8-F9B383C1F9FF}.Release|x64.ActiveCfg = Release|Any CPU
		{591F9224-A8D6-49CF-8AF8-F9B383C1F9FF}.Release|x64.Build.0 = Release|Any CPU
		{591F9224-A8D6-49CF-8AF8-F9B383C1F9FF}.Release|x86.ActiveCfg = Release|Any CPU
		{591F9224-A8D6-49CF-8AF8-F9B383C1F9FF}.Release|x86.Build.0 = Release|Any CPU
		{E9C52E5E-28DC-4D45-B9AB-1B2CF2924A84}.Debug|Any CPU.ActiveCfg = Debug|Any CPU
		{E9C52E5E-28DC-4D45-B9AB-1B2CF2924A84}.Debug|Any CPU.Build.0 = Debug|Any CPU
		{E9C52E5E-28DC-4D45-B9AB-1B2CF2924A84}.Debug|ARM.ActiveCfg = Debug|Any CPU
		{E9C52E5E-28DC-4D45-B9AB-1B2CF2924A84}.Debug|ARM.Build.0 = Debug|Any CPU
		{E9C52E5E-28DC-4D45-B9AB-1B2CF2924A84}.Debug|x64.ActiveCfg = Debug|Any CPU
		{E9C52E5E-28DC-4D45-B9AB-1B2CF2924A84}.Debug|x64.Build.0 = Debug|Any CPU
		{E9C52E5E-28DC-4D45-B9AB-1B2CF2924A84}.Debug|x86.ActiveCfg = Debug|Any CPU
		{E9C52E5E-28DC-4D45-B9AB-1B2CF2924A84}.Debug|x86.Build.0 = Debug|Any CPU
		{E9C52E5E-28DC-4D45-B9AB-1B2CF2924A84}.Release|Any CPU.ActiveCfg = Release|Any CPU
		{E9C52E5E-28DC-4D45-B9AB-1B2CF2924A84}.Release|Any CPU.Build.0 = Release|Any CPU
		{E9C52E5E-28DC-4D45-B9AB-1B2CF2924A84}.Release|ARM.ActiveCfg = Release|Any CPU
		{E9C52E5E-28DC-4D45-B9AB-1B2CF2924A84}.Release|ARM.Build.0 = Release|Any CPU
		{E9C52E5E-28DC-4D45-B9AB-1B2CF2924A84}.Release|x64.ActiveCfg = Release|Any CPU
		{E9C52E5E-28DC-4D45-B9AB-1B2CF2924A84}.Release|x64.Build.0 = Release|Any CPU
		{E9C52E5E-28DC-4D45-B9AB-1B2CF2924A84}.Release|x86.ActiveCfg = Release|Any CPU
		{E9C52E5E-28DC-4D45-B9AB-1B2CF2924A84}.Release|x86.Build.0 = Release|Any CPU
		{36B101B1-720B-4770-B222-C6ADD464F9EC}.Debug|Any CPU.ActiveCfg = Debug|Any CPU
		{36B101B1-720B-4770-B222-C6ADD464F9EC}.Debug|Any CPU.Build.0 = Debug|Any CPU
		{36B101B1-720B-4770-B222-C6ADD464F9EC}.Debug|ARM.ActiveCfg = Debug|Any CPU
		{36B101B1-720B-4770-B222-C6ADD464F9EC}.Debug|ARM.Build.0 = Debug|Any CPU
		{36B101B1-720B-4770-B222-C6ADD464F9EC}.Debug|x64.ActiveCfg = Debug|Any CPU
		{36B101B1-720B-4770-B222-C6ADD464F9EC}.Debug|x64.Build.0 = Debug|Any CPU
		{36B101B1-720B-4770-B222-C6ADD464F9EC}.Debug|x86.ActiveCfg = Debug|Any CPU
		{36B101B1-720B-4770-B222-C6ADD464F9EC}.Debug|x86.Build.0 = Debug|Any CPU
		{36B101B1-720B-4770-B222-C6ADD464F9EC}.Release|Any CPU.ActiveCfg = Release|Any CPU
		{36B101B1-720B-4770-B222-C6ADD464F9EC}.Release|Any CPU.Build.0 = Release|Any CPU
		{36B101B1-720B-4770-B222-C6ADD464F9EC}.Release|ARM.ActiveCfg = Release|Any CPU
		{36B101B1-720B-4770-B222-C6ADD464F9EC}.Release|ARM.Build.0 = Release|Any CPU
		{36B101B1-720B-4770-B222-C6ADD464F9EC}.Release|x64.ActiveCfg = Release|Any CPU
		{36B101B1-720B-4770-B222-C6ADD464F9EC}.Release|x64.Build.0 = Release|Any CPU
		{36B101B1-720B-4770-B222-C6ADD464F9EC}.Release|x86.ActiveCfg = Release|Any CPU
		{36B101B1-720B-4770-B222-C6ADD464F9EC}.Release|x86.Build.0 = Release|Any CPU
	EndGlobalSection
	GlobalSection(SolutionProperties) = preSolution
		HideSolutionNode = FALSE
	EndGlobalSection
	GlobalSection(NestedProjects) = preSolution
		{6B45E89C-0788-4942-924F-EF6397114BD1} = {8463ED7E-69FB-49AE-85CF-0791AFD98E38}
		{D3804228-91F4-4502-9595-39584E510002} = {DBD7D9B6-FCC7-4650-91AF-E6457573A68F}
		{D3804228-91F4-4502-9595-39584E510000} = {DBD7D9B6-FCC7-4650-91AF-E6457573A68F}
		{D3804228-91F4-4502-9595-39584E510001} = {DBD7D9B6-FCC7-4650-91AF-E6457573A68F}
		{912FBF24-3CAE-4A50-B5EA-E525B9FAEC80} = {8463ED7E-69FB-49AE-85CF-0791AFD98E38}
		{BF97CB1B-5043-4256-8F42-CF3A4F3863BE} = {8463ED7E-69FB-49AE-85CF-0791AFD98E38}
		{27E54CD4-1D80-4797-88DC-1C535C1E9B4A} = {1384C18E-DCF3-4A5B-9560-2BF5DD8C51CE}
		{60CE11E0-E057-45A2-8F8A-73B1BD045BFB} = {7971CAEB-B9F2-416B-966D-2D697C4C1E62}
		{59E67CE3-5DB7-4D37-B308-E4E22E3DE4F4} = {7971CAEB-B9F2-416B-966D-2D697C4C1E62}
		{0EB12661-F5CF-4071-9812-F4C8AF3D4531} = {7971CAEB-B9F2-416B-966D-2D697C4C1E62}
		{E587974C-19A9-426A-A952-216D5F883EB6} = {7971CAEB-B9F2-416B-966D-2D697C4C1E62}
		{5DC68E83-ABE0-4887-B17E-1ED4EEE89C2C} = {7971CAEB-B9F2-416B-966D-2D697C4C1E62}
		{437473EE-7FBB-4C28-96EC-41E1AEE161F3} = {7971CAEB-B9F2-416B-966D-2D697C4C1E62}
		{AD4F83E5-4240-485D-BB5C-F43974F716E4} = {7971CAEB-B9F2-416B-966D-2D697C4C1E62}
		{EDF434F6-70C0-4005-B63E-0C365B3DA42A} = {7971CAEB-B9F2-416B-966D-2D697C4C1E62}
		{E4286D1D-A98C-4516-9E47-CBF9739448DA} = {7971CAEB-B9F2-416B-966D-2D697C4C1E62}
		{F1880F07-238F-4A3A-9E58-141350665E1F} = {7971CAEB-B9F2-416B-966D-2D697C4C1E62}
		{926D446C-8358-465A-AFAC-2F9078C22262} = {ECA5702B-5D32-4888-A34E-9461FC533F23}
		{591F9224-A8D6-49CF-8AF8-F9B383C1F9FF} = {1384C18E-DCF3-4A5B-9560-2BF5DD8C51CE}
		{E9C52E5E-28DC-4D45-B9AB-1B2CF2924A84} = {7971CAEB-B9F2-416B-966D-2D697C4C1E62}
		{36B101B1-720B-4770-B222-C6ADD464F9EC} = {7971CAEB-B9F2-416B-966D-2D697C4C1E62}
	EndGlobalSection
	GlobalSection(ExtensibilityGlobals) = postSolution
		SolutionGuid = {94C56722-194E-4B8B-BC23-B3F754E89A20}
	EndGlobalSection
	GlobalSection(Performance) = preSolution
		HasPerformanceSessions = true
	EndGlobalSection
EndGlobal
