
Microsoft Visual Studio Solution File, Format Version 12.00
# Visual Studio Version 16
VisualStudioVersion = 16.0.29613.14
MinimumVisualStudioVersion = 10.0.40219.1
Project("{2150E333-8FDC-42A3-9474-1A3956D46DE8}") = "test", "test", "{8463ED7E-69FB-49AE-85CF-0791AFD98E38}"
EndProject
Project("{2150E333-8FDC-42A3-9474-1A3956D46DE8}") = "src", "src", "{DBD7D9B6-FCC7-4650-91AF-E6457573A68F}"
EndProject
Project("{2150E333-8FDC-42A3-9474-1A3956D46DE8}") = "Solution Items", "Solution Items", "{25E69107-C89E-4807-AA31-C49423F0F1E3}"
	ProjectSection(SolutionItems) = preProject
		.deployment = .deployment
		azure-pipelines.yml = azure-pipelines.yml
		CHANGELOG.md = CHANGELOG.md
		.github\workflows\ci.yml = .github\workflows\ci.yml
		Directory.Build.props = Directory.Build.props
		GitHubReleaseNotes.txt = GitHubReleaseNotes.txt
		LICENSE = LICENSE
		NuGet.txt = NuGet.txt
		README.md = README.md
		report\run-coverlet-local.cmd = report\run-coverlet-local.cmd
		version.xml = version.xml
	EndProjectSection
EndProject
Project("{FAE04EC0-301F-11D3-BF4B-00C04F79EFBC}") = "EntityFramework.DynamicLinq.Tests.net452", "test\EntityFramework.DynamicLinq.Tests.net452\EntityFramework.DynamicLinq.Tests.net452.csproj", "{6B45E89C-0788-4942-924F-EF6397114BD1}"
EndProject
Project("{9A19103F-16F7-4668-BE54-9A1E7A4F7556}") = "System.Linq.Dynamic.Core", "src\System.Linq.Dynamic.Core\System.Linq.Dynamic.Core.csproj", "{D3804228-91F4-4502-9595-39584E510002}"
EndProject
Project("{9A19103F-16F7-4668-BE54-9A1E7A4F7556}") = "EntityFramework.DynamicLinq", "src\EntityFramework.DynamicLinq\EntityFramework.DynamicLinq.csproj", "{D3804228-91F4-4502-9595-39584E510000}"
EndProject
Project("{9A19103F-16F7-4668-BE54-9A1E7A4F7556}") = "Microsoft.EntityFrameworkCore.DynamicLinq.EFCore2", "src\Microsoft.EntityFrameworkCore.DynamicLinq.EFCore2\Microsoft.EntityFrameworkCore.DynamicLinq.EFCore2.csproj", "{D3804228-91F4-4502-9595-39584E510001}"
EndProject
Project("{9A19103F-16F7-4668-BE54-9A1E7A4F7556}") = "System.Linq.Dynamic.Core.Tests", "test\System.Linq.Dynamic.Core.Tests\System.Linq.Dynamic.Core.Tests.csproj", "{912FBF24-3CAE-4A50-B5EA-E525B9FAEC80}"
	ProjectSection(ProjectDependencies) = postProject
		{D3804228-91F4-4502-9595-39584E510001} = {D3804228-91F4-4502-9595-39584E510001}
	EndProjectSection
EndProject
Project("{9A19103F-16F7-4668-BE54-9A1E7A4F7556}") = "EntityFramework.DynamicLinq.Tests", "test\EntityFramework.DynamicLinq.Tests\EntityFramework.DynamicLinq.Tests.csproj", "{BF97CB1B-5043-4256-8F42-CF3A4F3863BE}"
EndProject
Project("{2150E333-8FDC-42A3-9474-1A3956D46DE8}") = "test-console", "test-console", "{7971CAEB-B9F2-416B-966D-2D697C4C1E62}"
EndProject
Project("{2150E333-8FDC-42A3-9474-1A3956D46DE8}") = "test-xamarin", "test-xamarin", "{ECA5702B-5D32-4888-A34E-9461FC533F23}"
EndProject
Project("{9A19103F-16F7-4668-BE54-9A1E7A4F7556}") = "ConsoleApp_netcore2.0_EF2.0.1", "src-console\ConsoleAppEF2.0\ConsoleApp_netcore2.0_EF2.0.1.csproj", "{60CE11E0-E057-45A2-8F8A-73B1BD045BFB}"
EndProject
Project("{FAE04EC0-301F-11D3-BF4B-00C04F79EFBC}") = "ConsoleApp_net40_sqlite_original", "src-console\System.Linq.Dynamic.Core.ConsoleTestApp.net40\ConsoleApp_net40_sqlite_original.csproj", "{0EB12661-F5CF-4071-9812-F4C8AF3D4531}"
EndProject
Project("{FAE04EC0-301F-11D3-BF4B-00C04F79EFBC}") = "ConsoleApp_net40_sqlite", "src-console\ConsoleApp_net40_sqlite\ConsoleApp_net40_sqlite.csproj", "{E587974C-19A9-426A-A952-216D5F883EB6}"
EndProject
Project("{FAE04EC0-301F-11D3-BF4B-00C04F79EFBC}") = "ConsoleApp_net452_EF6", "src-console\ConsoleApp_net452_EF6\ConsoleApp_net452_EF6.csproj", "{5DC68E83-ABE0-4887-B17E-1ED4EEE89C2C}"
EndProject
Project("{9A19103F-16F7-4668-BE54-9A1E7A4F7556}") = "ConsoleApp_netcore2.0_EF2.0.2_InMemory", "src-console\ConsoleAppEF2.0.2_InMemory\ConsoleApp_netcore2.0_EF2.0.2_InMemory.csproj", "{437473EE-7FBB-4C28-96EC-41E1AEE161F3}"
EndProject
Project("{9A19103F-16F7-4668-BE54-9A1E7A4F7556}") = "ConsoleApp_netcore2.0_EF2.1", "src-console\ConsoleAppEF2.1\ConsoleApp_netcore2.0_EF2.1.csproj", "{EDF434F6-70C0-4005-B63E-0C365B3DA42A}"
EndProject
Project("{9A19103F-16F7-4668-BE54-9A1E7A4F7556}") = "ConsoleApp_netcore2.1_EF2.1.1", "src-console\ConsoleAppEF2.1.1\ConsoleApp_netcore2.1_EF2.1.1.csproj", "{F1880F07-238F-4A3A-9E58-141350665E1F}"
EndProject
Project("{9A19103F-16F7-4668-BE54-9A1E7A4F7556}") = "ConsoleAppPerformanceTest236", "src-console\ConsoleAppPerformanceTest236\ConsoleAppPerformanceTest236.csproj", "{E9C52E5E-28DC-4D45-B9AB-1B2CF2924A84}"
EndProject
Project("{FAE04EC0-301F-11D3-BF4B-00C04F79EFBC}") = "ConsoleApp_net452_EF6_Effort", "src-console\ConsoleApp_net452_EF6_Effort\ConsoleApp_net452_EF6_Effort.csproj", "{36B101B1-720B-4770-B222-C6ADD464F9EC}"
EndProject
Project("{9A19103F-16F7-4668-BE54-9A1E7A4F7556}") = "Z.EntityFramework.Classic.DynamicLinq", "src\Z.EntityFramework.Classic.DynamicLinq\Z.EntityFramework.Classic.DynamicLinq.csproj", "{D3804228-91F4-4502-9595-39584EA20000}"
EndProject
Project("{9A19103F-16F7-4668-BE54-9A1E7A4F7556}") = "ConsoleApp.EntityFrameworkClassic", "src-console\ConsoleApp.EntityFrameworkClassic\ConsoleApp.EntityFrameworkClassic.csproj", "{0077F262-D69B-44D2-8A7C-87D8D19022A6}"
EndProject
Project("{9A19103F-16F7-4668-BE54-9A1E7A4F7556}") = "ConsoleApp_netcore3.1_EF3.1", "src-console\ConsoleAppEF3.1\ConsoleApp_netcore3.1_EF3.1.csproj", "{6D21EBF2-C92D-4AE0-9BC3-47C63928F88A}"
EndProject
Project("{9A19103F-16F7-4668-BE54-9A1E7A4F7556}") = "ConsoleApp_netcore2.1_CosmosDb", "src-console\ConsoleApp_netcore2.1_CosmosDb\ConsoleApp_netcore2.1_CosmosDb.csproj", "{D160E2CF-A7E1-4DDE-9AB8-8CFB0087DCEB}"
EndProject
Project("{FAE04EC0-301F-11D3-BF4B-00C04F79EFBC}") = "ConsoleApp_net452_CosmosDb", "src-console\ConsoleApp_net452_CosmosDb\ConsoleApp_net452_CosmosDb.csproj", "{0034821E-740D-4553-821B-14CE9213C43C}"
EndProject
Project("{2150E333-8FDC-42A3-9474-1A3956D46DE8}") = "src-blazor", "src-blazor", "{122BC4FA-7563-4E35-9D17-077F16F1629F}"
EndProject
Project("{9A19103F-16F7-4668-BE54-9A1E7A4F7556}") = "BlazorAppTest", "src-blazor\BlazorAppTest\BlazorAppTest.csproj", "{CD80A3AC-B0E1-45ED-BE07-DE6A0F1D4CD8}"
EndProject
Project("{2150E333-8FDC-42A3-9474-1A3956D46DE8}") = "docfx", "docfx", "{012536E6-FFF6-4BF8-AB9F-196017FBB257}"
	ProjectSection(SolutionItems) = preProject
		docfx\build-docs.ps1 = docfx\build-docs.ps1
		docfx\docfx.json = docfx\docfx.json
		docfx\howto.txt = docfx\howto.txt
		docfx\index.md = docfx\index.md
		docfx\toc.yml = docfx\toc.yml
	EndProjectSection
EndProject
Project("{2150E333-8FDC-42A3-9474-1A3956D46DE8}") = "lab", "lab", "{E97833C1-77B6-44E2-8793-C1F952CA936F}"
EndProject
Project("{9A19103F-16F7-4668-BE54-9A1E7A4F7556}") = "Z.Dynamic.Core.Lab", "Z.Dynamic.Core.Lab\Z.Dynamic.Core.Lab.csproj", "{CDD8D5BF-A212-43DD-B043-4B7242C553E0}"
EndProject
Project("{9A19103F-16F7-4668-BE54-9A1E7A4F7556}") = "Microsoft.EntityFrameworkCore.DynamicLinq.EFCore3", "src\Microsoft.EntityFrameworkCore.DynamicLinq.EFCore3\Microsoft.EntityFrameworkCore.DynamicLinq.EFCore3.csproj", "{7994FECC-965C-4A5D-8B0E-1A6EA769D4BE}"
EndProject
Project("{9A19103F-16F7-4668-BE54-9A1E7A4F7556}") = "Microsoft.EntityFrameworkCore.DynamicLinq.EFCore5", "src\Microsoft.EntityFrameworkCore.DynamicLinq.EFCore5\Microsoft.EntityFrameworkCore.DynamicLinq.EFCore5.csproj", "{D3804228-91F4-4502-9595-39584E519901}"
EndProject
Project("{9A19103F-16F7-4668-BE54-9A1E7A4F7556}") = "ConsoleApp_net5.0_EF5", "src-console\ConsoleAppEF5\ConsoleApp_net5.0_EF5.csproj", "{B3D1A89E-CE12-4A0D-B23E-8970D681C719}"
EndProject
Project("{9A19103F-16F7-4668-BE54-9A1E7A4F7556}") = "ExpressionSample", "test-xamarin\ExpressionSample\ExpressionSample\ExpressionSample.csproj", "{060F5395-623F-464F-9C84-120E9496CBBA}"
EndProject
Project("{FAE04EC0-301F-11D3-BF4B-00C04F79EFBC}") = "ExpressionSample.UWP", "test-xamarin\ExpressionSample\ExpressionSample.UWP\ExpressionSample.UWP.csproj", "{C7020A29-724F-40D3-9493-E6E9C018DE57}"
EndProject
Project("{9A19103F-16F7-4668-BE54-9A1E7A4F7556}") = "TestSLDC", "test-xamarin\TestSLDC\TestSLDC.csproj", "{C530A693-66FD-48A9-B42A-D613BB4CB754}"
EndProject
Project("{9A19103F-16F7-4668-BE54-9A1E7A4F7556}") = "ConsoleApp_net5.0_EF5_InMemory", "src-console\ConsoleAppEF5_InMemory\ConsoleApp_net5.0_EF5_InMemory.csproj", "{1D30F4EB-3CD9-446C-BDFB-107F79F05BBC}"
EndProject
Project("{9A19103F-16F7-4668-BE54-9A1E7A4F7556}") = "ConsoleApp_netcore3.1_nhibernate", "src-console\ConsoleAppEF3.1_nhibernate\ConsoleApp_netcore3.1_nhibernate.csproj", "{38FDDF50-5F86-4B6D-9062-F687C6FD41A8}"
EndProject
Project("{FAE04EC0-301F-11D3-BF4B-00C04F79EFBC}") = "TestSLDC.Android", "test-xamarin\TestSLDC.Android\TestSLDC.Android.csproj", "{85D70423-5800-41E9-B7D5-244AAF051A85}"
EndProject
Project("{FAE04EC0-301F-11D3-BF4B-00C04F79EFBC}") = "ExpressionSample.Android", "test-xamarin\ExpressionSample\ExpressionSample.Android\ExpressionSample.Android.csproj", "{CE0965F5-C4DD-4CAB-94C6-FE260775D2B3}"
EndProject
Project("{9A19103F-16F7-4668-BE54-9A1E7A4F7556}") = "BlazorWASMExample", "src-blazor\BlazorWASMExample\BlazorWASMExample.csproj", "{3DA1CE3B-D1FB-4CEC-A4A6-22495CC36655}"
EndProject
Project("{9A19103F-16F7-4668-BE54-9A1E7A4F7556}") = "Microsoft.EntityFrameworkCore.DynamicLinq.EFCore6", "src\Microsoft.EntityFrameworkCore.DynamicLinq.EFCore6\Microsoft.EntityFrameworkCore.DynamicLinq.EFCore6.csproj", "{D28F6393-B56B-40A2-AF67-E8D669F42546}"
EndProject
Project("{9A19103F-16F7-4668-BE54-9A1E7A4F7556}") = "ConsoleApp_net5.0_EF6_InMemory", "src-console\ConsoleAppEF6_InMemory\ConsoleApp_net5.0_EF6_InMemory.csproj", "{4CC563F6-5352-4A77-A8C0-DC0D77A71DBB}"
EndProject
Global
	GlobalSection(SolutionConfigurationPlatforms) = preSolution
		Debug|Any CPU = Debug|Any CPU
		Debug|ARM = Debug|ARM
		Debug|x64 = Debug|x64
		Debug|x86 = Debug|x86
		Release|Any CPU = Release|Any CPU
		Release|ARM = Release|ARM
		Release|x64 = Release|x64
		Release|x86 = Release|x86
	EndGlobalSection
	GlobalSection(ProjectConfigurationPlatforms) = postSolution
		{6B45E89C-0788-4942-924F-EF6397114BD1}.Debug|Any CPU.ActiveCfg = Debug|Any CPU
		{6B45E89C-0788-4942-924F-EF6397114BD1}.Debug|Any CPU.Build.0 = Debug|Any CPU
		{6B45E89C-0788-4942-924F-EF6397114BD1}.Debug|ARM.ActiveCfg = Debug|Any CPU
		{6B45E89C-0788-4942-924F-EF6397114BD1}.Debug|x64.ActiveCfg = Debug|Any CPU
		{6B45E89C-0788-4942-924F-EF6397114BD1}.Debug|x64.Build.0 = Debug|Any CPU
		{6B45E89C-0788-4942-924F-EF6397114BD1}.Debug|x86.ActiveCfg = Debug|Any CPU
		{6B45E89C-0788-4942-924F-EF6397114BD1}.Debug|x86.Build.0 = Debug|Any CPU
		{6B45E89C-0788-4942-924F-EF6397114BD1}.Release|Any CPU.ActiveCfg = Release|Any CPU
		{6B45E89C-0788-4942-924F-EF6397114BD1}.Release|Any CPU.Build.0 = Release|Any CPU
		{6B45E89C-0788-4942-924F-EF6397114BD1}.Release|ARM.ActiveCfg = Release|Any CPU
		{6B45E89C-0788-4942-924F-EF6397114BD1}.Release|x64.ActiveCfg = Release|Any CPU
		{6B45E89C-0788-4942-924F-EF6397114BD1}.Release|x64.Build.0 = Release|Any CPU
		{6B45E89C-0788-4942-924F-EF6397114BD1}.Release|x86.ActiveCfg = Release|Any CPU
		{6B45E89C-0788-4942-924F-EF6397114BD1}.Release|x86.Build.0 = Release|Any CPU
		{D3804228-91F4-4502-9595-39584E510002}.Debug|Any CPU.ActiveCfg = Debug|Any CPU
		{D3804228-91F4-4502-9595-39584E510002}.Debug|Any CPU.Build.0 = Debug|Any CPU
		{D3804228-91F4-4502-9595-39584E510002}.Debug|ARM.ActiveCfg = Debug|Any CPU
		{D3804228-91F4-4502-9595-39584E510002}.Debug|ARM.Build.0 = Debug|Any CPU
		{D3804228-91F4-4502-9595-39584E510002}.Debug|x64.ActiveCfg = Debug|Any CPU
		{D3804228-91F4-4502-9595-39584E510002}.Debug|x64.Build.0 = Debug|Any CPU
		{D3804228-91F4-4502-9595-39584E510002}.Debug|x86.ActiveCfg = Debug|Any CPU
		{D3804228-91F4-4502-9595-39584E510002}.Debug|x86.Build.0 = Debug|Any CPU
		{D3804228-91F4-4502-9595-39584E510002}.Release|Any CPU.ActiveCfg = Release|Any CPU
		{D3804228-91F4-4502-9595-39584E510002}.Release|Any CPU.Build.0 = Release|Any CPU
		{D3804228-91F4-4502-9595-39584E510002}.Release|ARM.ActiveCfg = Release|Any CPU
		{D3804228-91F4-4502-9595-39584E510002}.Release|ARM.Build.0 = Release|Any CPU
		{D3804228-91F4-4502-9595-39584E510002}.Release|x64.ActiveCfg = Release|Any CPU
		{D3804228-91F4-4502-9595-39584E510002}.Release|x64.Build.0 = Release|Any CPU
		{D3804228-91F4-4502-9595-39584E510002}.Release|x86.ActiveCfg = Release|Any CPU
		{D3804228-91F4-4502-9595-39584E510002}.Release|x86.Build.0 = Release|Any CPU
		{D3804228-91F4-4502-9595-39584E510000}.Debug|Any CPU.ActiveCfg = Debug|Any CPU
		{D3804228-91F4-4502-9595-39584E510000}.Debug|Any CPU.Build.0 = Debug|Any CPU
		{D3804228-91F4-4502-9595-39584E510000}.Debug|ARM.ActiveCfg = Debug|Any CPU
		{D3804228-91F4-4502-9595-39584E510000}.Debug|ARM.Build.0 = Debug|Any CPU
		{D3804228-91F4-4502-9595-39584E510000}.Debug|x64.ActiveCfg = Debug|Any CPU
		{D3804228-91F4-4502-9595-39584E510000}.Debug|x64.Build.0 = Debug|Any CPU
		{D3804228-91F4-4502-9595-39584E510000}.Debug|x86.ActiveCfg = Debug|Any CPU
		{D3804228-91F4-4502-9595-39584E510000}.Debug|x86.Build.0 = Debug|Any CPU
		{D3804228-91F4-4502-9595-39584E510000}.Release|Any CPU.ActiveCfg = Release|Any CPU
		{D3804228-91F4-4502-9595-39584E510000}.Release|Any CPU.Build.0 = Release|Any CPU
		{D3804228-91F4-4502-9595-39584E510000}.Release|ARM.ActiveCfg = Release|Any CPU
		{D3804228-91F4-4502-9595-39584E510000}.Release|ARM.Build.0 = Release|Any CPU
		{D3804228-91F4-4502-9595-39584E510000}.Release|x64.ActiveCfg = Release|Any CPU
		{D3804228-91F4-4502-9595-39584E510000}.Release|x64.Build.0 = Release|Any CPU
		{D3804228-91F4-4502-9595-39584E510000}.Release|x86.ActiveCfg = Release|Any CPU
		{D3804228-91F4-4502-9595-39584E510000}.Release|x86.Build.0 = Release|Any CPU
		{D3804228-91F4-4502-9595-39584E510001}.Debug|Any CPU.ActiveCfg = Debug|Any CPU
		{D3804228-91F4-4502-9595-39584E510001}.Debug|Any CPU.Build.0 = Debug|Any CPU
		{D3804228-91F4-4502-9595-39584E510001}.Debug|ARM.ActiveCfg = Debug|Any CPU
		{D3804228-91F4-4502-9595-39584E510001}.Debug|ARM.Build.0 = Debug|Any CPU
		{D3804228-91F4-4502-9595-39584E510001}.Debug|x64.ActiveCfg = Debug|Any CPU
		{D3804228-91F4-4502-9595-39584E510001}.Debug|x64.Build.0 = Debug|Any CPU
		{D3804228-91F4-4502-9595-39584E510001}.Debug|x86.ActiveCfg = Debug|Any CPU
		{D3804228-91F4-4502-9595-39584E510001}.Debug|x86.Build.0 = Debug|Any CPU
		{D3804228-91F4-4502-9595-39584E510001}.Release|Any CPU.ActiveCfg = Release|Any CPU
		{D3804228-91F4-4502-9595-39584E510001}.Release|Any CPU.Build.0 = Release|Any CPU
		{D3804228-91F4-4502-9595-39584E510001}.Release|ARM.ActiveCfg = Release|Any CPU
		{D3804228-91F4-4502-9595-39584E510001}.Release|ARM.Build.0 = Release|Any CPU
		{D3804228-91F4-4502-9595-39584E510001}.Release|x64.ActiveCfg = Release|Any CPU
		{D3804228-91F4-4502-9595-39584E510001}.Release|x64.Build.0 = Release|Any CPU
		{D3804228-91F4-4502-9595-39584E510001}.Release|x86.ActiveCfg = Release|Any CPU
		{D3804228-91F4-4502-9595-39584E510001}.Release|x86.Build.0 = Release|Any CPU
		{912FBF24-3CAE-4A50-B5EA-E525B9FAEC80}.Debug|Any CPU.ActiveCfg = Debug|Any CPU
		{912FBF24-3CAE-4A50-B5EA-E525B9FAEC80}.Debug|Any CPU.Build.0 = Debug|Any CPU
		{912FBF24-3CAE-4A50-B5EA-E525B9FAEC80}.Debug|ARM.ActiveCfg = Debug|Any CPU
		{912FBF24-3CAE-4A50-B5EA-E525B9FAEC80}.Debug|ARM.Build.0 = Debug|Any CPU
		{912FBF24-3CAE-4A50-B5EA-E525B9FAEC80}.Debug|x64.ActiveCfg = Debug|Any CPU
		{912FBF24-3CAE-4A50-B5EA-E525B9FAEC80}.Debug|x64.Build.0 = Debug|Any CPU
		{912FBF24-3CAE-4A50-B5EA-E525B9FAEC80}.Debug|x86.ActiveCfg = Debug|Any CPU
		{912FBF24-3CAE-4A50-B5EA-E525B9FAEC80}.Debug|x86.Build.0 = Debug|Any CPU
		{912FBF24-3CAE-4A50-B5EA-E525B9FAEC80}.Release|Any CPU.ActiveCfg = Release|Any CPU
		{912FBF24-3CAE-4A50-B5EA-E525B9FAEC80}.Release|Any CPU.Build.0 = Release|Any CPU
		{912FBF24-3CAE-4A50-B5EA-E525B9FAEC80}.Release|ARM.ActiveCfg = Release|Any CPU
		{912FBF24-3CAE-4A50-B5EA-E525B9FAEC80}.Release|ARM.Build.0 = Release|Any CPU
		{912FBF24-3CAE-4A50-B5EA-E525B9FAEC80}.Release|x64.ActiveCfg = Release|Any CPU
		{912FBF24-3CAE-4A50-B5EA-E525B9FAEC80}.Release|x64.Build.0 = Release|Any CPU
		{912FBF24-3CAE-4A50-B5EA-E525B9FAEC80}.Release|x86.ActiveCfg = Release|Any CPU
		{912FBF24-3CAE-4A50-B5EA-E525B9FAEC80}.Release|x86.Build.0 = Release|Any CPU
		{BF97CB1B-5043-4256-8F42-CF3A4F3863BE}.Debug|Any CPU.ActiveCfg = Debug|Any CPU
		{BF97CB1B-5043-4256-8F42-CF3A4F3863BE}.Debug|Any CPU.Build.0 = Debug|Any CPU
		{BF97CB1B-5043-4256-8F42-CF3A4F3863BE}.Debug|ARM.ActiveCfg = Debug|Any CPU
		{BF97CB1B-5043-4256-8F42-CF3A4F3863BE}.Debug|ARM.Build.0 = Debug|Any CPU
		{BF97CB1B-5043-4256-8F42-CF3A4F3863BE}.Debug|x64.ActiveCfg = Debug|Any CPU
		{BF97CB1B-5043-4256-8F42-CF3A4F3863BE}.Debug|x64.Build.0 = Debug|Any CPU
		{BF97CB1B-5043-4256-8F42-CF3A4F3863BE}.Debug|x86.ActiveCfg = Debug|Any CPU
		{BF97CB1B-5043-4256-8F42-CF3A4F3863BE}.Debug|x86.Build.0 = Debug|Any CPU
		{BF97CB1B-5043-4256-8F42-CF3A4F3863BE}.Release|Any CPU.ActiveCfg = Release|Any CPU
		{BF97CB1B-5043-4256-8F42-CF3A4F3863BE}.Release|Any CPU.Build.0 = Release|Any CPU
		{BF97CB1B-5043-4256-8F42-CF3A4F3863BE}.Release|ARM.ActiveCfg = Release|Any CPU
		{BF97CB1B-5043-4256-8F42-CF3A4F3863BE}.Release|ARM.Build.0 = Release|Any CPU
		{BF97CB1B-5043-4256-8F42-CF3A4F3863BE}.Release|x64.ActiveCfg = Release|Any CPU
		{BF97CB1B-5043-4256-8F42-CF3A4F3863BE}.Release|x64.Build.0 = Release|Any CPU
		{BF97CB1B-5043-4256-8F42-CF3A4F3863BE}.Release|x86.ActiveCfg = Release|Any CPU
		{BF97CB1B-5043-4256-8F42-CF3A4F3863BE}.Release|x86.Build.0 = Release|Any CPU
		{60CE11E0-E057-45A2-8F8A-73B1BD045BFB}.Debug|Any CPU.ActiveCfg = Debug|Any CPU
		{60CE11E0-E057-45A2-8F8A-73B1BD045BFB}.Debug|Any CPU.Build.0 = Debug|Any CPU
		{60CE11E0-E057-45A2-8F8A-73B1BD045BFB}.Debug|ARM.ActiveCfg = Debug|Any CPU
		{60CE11E0-E057-45A2-8F8A-73B1BD045BFB}.Debug|ARM.Build.0 = Debug|Any CPU
		{60CE11E0-E057-45A2-8F8A-73B1BD045BFB}.Debug|x64.ActiveCfg = Debug|Any CPU
		{60CE11E0-E057-45A2-8F8A-73B1BD045BFB}.Debug|x64.Build.0 = Debug|Any CPU
		{60CE11E0-E057-45A2-8F8A-73B1BD045BFB}.Debug|x86.ActiveCfg = Debug|Any CPU
		{60CE11E0-E057-45A2-8F8A-73B1BD045BFB}.Debug|x86.Build.0 = Debug|Any CPU
		{60CE11E0-E057-45A2-8F8A-73B1BD045BFB}.Release|Any CPU.ActiveCfg = Release|Any CPU
		{60CE11E0-E057-45A2-8F8A-73B1BD045BFB}.Release|Any CPU.Build.0 = Release|Any CPU
		{60CE11E0-E057-45A2-8F8A-73B1BD045BFB}.Release|ARM.ActiveCfg = Release|Any CPU
		{60CE11E0-E057-45A2-8F8A-73B1BD045BFB}.Release|ARM.Build.0 = Release|Any CPU
		{60CE11E0-E057-45A2-8F8A-73B1BD045BFB}.Release|x64.ActiveCfg = Release|Any CPU
		{60CE11E0-E057-45A2-8F8A-73B1BD045BFB}.Release|x64.Build.0 = Release|Any CPU
		{60CE11E0-E057-45A2-8F8A-73B1BD045BFB}.Release|x86.ActiveCfg = Release|Any CPU
		{60CE11E0-E057-45A2-8F8A-73B1BD045BFB}.Release|x86.Build.0 = Release|Any CPU
		{0EB12661-F5CF-4071-9812-F4C8AF3D4531}.Debug|Any CPU.ActiveCfg = Debug|Any CPU
		{0EB12661-F5CF-4071-9812-F4C8AF3D4531}.Debug|Any CPU.Build.0 = Debug|Any CPU
		{0EB12661-F5CF-4071-9812-F4C8AF3D4531}.Debug|ARM.ActiveCfg = Debug|Any CPU
		{0EB12661-F5CF-4071-9812-F4C8AF3D4531}.Debug|ARM.Build.0 = Debug|Any CPU
		{0EB12661-F5CF-4071-9812-F4C8AF3D4531}.Debug|x64.ActiveCfg = Debug|Any CPU
		{0EB12661-F5CF-4071-9812-F4C8AF3D4531}.Debug|x64.Build.0 = Debug|Any CPU
		{0EB12661-F5CF-4071-9812-F4C8AF3D4531}.Debug|x86.ActiveCfg = Debug|Any CPU
		{0EB12661-F5CF-4071-9812-F4C8AF3D4531}.Debug|x86.Build.0 = Debug|Any CPU
		{0EB12661-F5CF-4071-9812-F4C8AF3D4531}.Release|Any CPU.ActiveCfg = Release|Any CPU
		{0EB12661-F5CF-4071-9812-F4C8AF3D4531}.Release|Any CPU.Build.0 = Release|Any CPU
		{0EB12661-F5CF-4071-9812-F4C8AF3D4531}.Release|ARM.ActiveCfg = Release|Any CPU
		{0EB12661-F5CF-4071-9812-F4C8AF3D4531}.Release|ARM.Build.0 = Release|Any CPU
		{0EB12661-F5CF-4071-9812-F4C8AF3D4531}.Release|x64.ActiveCfg = Release|Any CPU
		{0EB12661-F5CF-4071-9812-F4C8AF3D4531}.Release|x64.Build.0 = Release|Any CPU
		{0EB12661-F5CF-4071-9812-F4C8AF3D4531}.Release|x86.ActiveCfg = Release|Any CPU
		{0EB12661-F5CF-4071-9812-F4C8AF3D4531}.Release|x86.Build.0 = Release|Any CPU
		{E587974C-19A9-426A-A952-216D5F883EB6}.Debug|Any CPU.ActiveCfg = Debug|Any CPU
		{E587974C-19A9-426A-A952-216D5F883EB6}.Debug|Any CPU.Build.0 = Debug|Any CPU
		{E587974C-19A9-426A-A952-216D5F883EB6}.Debug|ARM.ActiveCfg = Debug|Any CPU
		{E587974C-19A9-426A-A952-216D5F883EB6}.Debug|ARM.Build.0 = Debug|Any CPU
		{E587974C-19A9-426A-A952-216D5F883EB6}.Debug|x64.ActiveCfg = Debug|Any CPU
		{E587974C-19A9-426A-A952-216D5F883EB6}.Debug|x64.Build.0 = Debug|Any CPU
		{E587974C-19A9-426A-A952-216D5F883EB6}.Debug|x86.ActiveCfg = Debug|Any CPU
		{E587974C-19A9-426A-A952-216D5F883EB6}.Debug|x86.Build.0 = Debug|Any CPU
		{E587974C-19A9-426A-A952-216D5F883EB6}.Release|Any CPU.ActiveCfg = Release|Any CPU
		{E587974C-19A9-426A-A952-216D5F883EB6}.Release|Any CPU.Build.0 = Release|Any CPU
		{E587974C-19A9-426A-A952-216D5F883EB6}.Release|ARM.ActiveCfg = Release|Any CPU
		{E587974C-19A9-426A-A952-216D5F883EB6}.Release|ARM.Build.0 = Release|Any CPU
		{E587974C-19A9-426A-A952-216D5F883EB6}.Release|x64.ActiveCfg = Release|Any CPU
		{E587974C-19A9-426A-A952-216D5F883EB6}.Release|x64.Build.0 = Release|Any CPU
		{E587974C-19A9-426A-A952-216D5F883EB6}.Release|x86.ActiveCfg = Release|Any CPU
		{E587974C-19A9-426A-A952-216D5F883EB6}.Release|x86.Build.0 = Release|Any CPU
		{5DC68E83-ABE0-4887-B17E-1ED4EEE89C2C}.Debug|Any CPU.ActiveCfg = Debug|Any CPU
		{5DC68E83-ABE0-4887-B17E-1ED4EEE89C2C}.Debug|Any CPU.Build.0 = Debug|Any CPU
		{5DC68E83-ABE0-4887-B17E-1ED4EEE89C2C}.Debug|ARM.ActiveCfg = Debug|Any CPU
		{5DC68E83-ABE0-4887-B17E-1ED4EEE89C2C}.Debug|ARM.Build.0 = Debug|Any CPU
		{5DC68E83-ABE0-4887-B17E-1ED4EEE89C2C}.Debug|x64.ActiveCfg = Debug|Any CPU
		{5DC68E83-ABE0-4887-B17E-1ED4EEE89C2C}.Debug|x64.Build.0 = Debug|Any CPU
		{5DC68E83-ABE0-4887-B17E-1ED4EEE89C2C}.Debug|x86.ActiveCfg = Debug|Any CPU
		{5DC68E83-ABE0-4887-B17E-1ED4EEE89C2C}.Debug|x86.Build.0 = Debug|Any CPU
		{5DC68E83-ABE0-4887-B17E-1ED4EEE89C2C}.Release|Any CPU.ActiveCfg = Release|Any CPU
		{5DC68E83-ABE0-4887-B17E-1ED4EEE89C2C}.Release|Any CPU.Build.0 = Release|Any CPU
		{5DC68E83-ABE0-4887-B17E-1ED4EEE89C2C}.Release|ARM.ActiveCfg = Release|Any CPU
		{5DC68E83-ABE0-4887-B17E-1ED4EEE89C2C}.Release|ARM.Build.0 = Release|Any CPU
		{5DC68E83-ABE0-4887-B17E-1ED4EEE89C2C}.Release|x64.ActiveCfg = Release|Any CPU
		{5DC68E83-ABE0-4887-B17E-1ED4EEE89C2C}.Release|x64.Build.0 = Release|Any CPU
		{5DC68E83-ABE0-4887-B17E-1ED4EEE89C2C}.Release|x86.ActiveCfg = Release|Any CPU
		{5DC68E83-ABE0-4887-B17E-1ED4EEE89C2C}.Release|x86.Build.0 = Release|Any CPU
		{437473EE-7FBB-4C28-96EC-41E1AEE161F3}.Debug|Any CPU.ActiveCfg = Debug|Any CPU
		{437473EE-7FBB-4C28-96EC-41E1AEE161F3}.Debug|Any CPU.Build.0 = Debug|Any CPU
		{437473EE-7FBB-4C28-96EC-41E1AEE161F3}.Debug|ARM.ActiveCfg = Debug|Any CPU
		{437473EE-7FBB-4C28-96EC-41E1AEE161F3}.Debug|ARM.Build.0 = Debug|Any CPU
		{437473EE-7FBB-4C28-96EC-41E1AEE161F3}.Debug|x64.ActiveCfg = Debug|Any CPU
		{437473EE-7FBB-4C28-96EC-41E1AEE161F3}.Debug|x64.Build.0 = Debug|Any CPU
		{437473EE-7FBB-4C28-96EC-41E1AEE161F3}.Debug|x86.ActiveCfg = Debug|Any CPU
		{437473EE-7FBB-4C28-96EC-41E1AEE161F3}.Debug|x86.Build.0 = Debug|Any CPU
		{437473EE-7FBB-4C28-96EC-41E1AEE161F3}.Release|Any CPU.ActiveCfg = Release|Any CPU
		{437473EE-7FBB-4C28-96EC-41E1AEE161F3}.Release|Any CPU.Build.0 = Release|Any CPU
		{437473EE-7FBB-4C28-96EC-41E1AEE161F3}.Release|ARM.ActiveCfg = Release|Any CPU
		{437473EE-7FBB-4C28-96EC-41E1AEE161F3}.Release|ARM.Build.0 = Release|Any CPU
		{437473EE-7FBB-4C28-96EC-41E1AEE161F3}.Release|x64.ActiveCfg = Release|Any CPU
		{437473EE-7FBB-4C28-96EC-41E1AEE161F3}.Release|x64.Build.0 = Release|Any CPU
		{437473EE-7FBB-4C28-96EC-41E1AEE161F3}.Release|x86.ActiveCfg = Release|Any CPU
		{437473EE-7FBB-4C28-96EC-41E1AEE161F3}.Release|x86.Build.0 = Release|Any CPU
		{EDF434F6-70C0-4005-B63E-0C365B3DA42A}.Debug|Any CPU.ActiveCfg = Debug|Any CPU
		{EDF434F6-70C0-4005-B63E-0C365B3DA42A}.Debug|Any CPU.Build.0 = Debug|Any CPU
		{EDF434F6-70C0-4005-B63E-0C365B3DA42A}.Debug|ARM.ActiveCfg = Debug|Any CPU
		{EDF434F6-70C0-4005-B63E-0C365B3DA42A}.Debug|ARM.Build.0 = Debug|Any CPU
		{EDF434F6-70C0-4005-B63E-0C365B3DA42A}.Debug|x64.ActiveCfg = Debug|Any CPU
		{EDF434F6-70C0-4005-B63E-0C365B3DA42A}.Debug|x64.Build.0 = Debug|Any CPU
		{EDF434F6-70C0-4005-B63E-0C365B3DA42A}.Debug|x86.ActiveCfg = Debug|Any CPU
		{EDF434F6-70C0-4005-B63E-0C365B3DA42A}.Debug|x86.Build.0 = Debug|Any CPU
		{EDF434F6-70C0-4005-B63E-0C365B3DA42A}.Release|Any CPU.ActiveCfg = Release|Any CPU
		{EDF434F6-70C0-4005-B63E-0C365B3DA42A}.Release|Any CPU.Build.0 = Release|Any CPU
		{EDF434F6-70C0-4005-B63E-0C365B3DA42A}.Release|ARM.ActiveCfg = Release|Any CPU
		{EDF434F6-70C0-4005-B63E-0C365B3DA42A}.Release|ARM.Build.0 = Release|Any CPU
		{EDF434F6-70C0-4005-B63E-0C365B3DA42A}.Release|x64.ActiveCfg = Release|Any CPU
		{EDF434F6-70C0-4005-B63E-0C365B3DA42A}.Release|x64.Build.0 = Release|Any CPU
		{EDF434F6-70C0-4005-B63E-0C365B3DA42A}.Release|x86.ActiveCfg = Release|Any CPU
		{EDF434F6-70C0-4005-B63E-0C365B3DA42A}.Release|x86.Build.0 = Release|Any CPU
		{F1880F07-238F-4A3A-9E58-141350665E1F}.Debug|Any CPU.ActiveCfg = Debug|Any CPU
		{F1880F07-238F-4A3A-9E58-141350665E1F}.Debug|Any CPU.Build.0 = Debug|Any CPU
		{F1880F07-238F-4A3A-9E58-141350665E1F}.Debug|ARM.ActiveCfg = Debug|Any CPU
		{F1880F07-238F-4A3A-9E58-141350665E1F}.Debug|ARM.Build.0 = Debug|Any CPU
		{F1880F07-238F-4A3A-9E58-141350665E1F}.Debug|x64.ActiveCfg = Debug|Any CPU
		{F1880F07-238F-4A3A-9E58-141350665E1F}.Debug|x64.Build.0 = Debug|Any CPU
		{F1880F07-238F-4A3A-9E58-141350665E1F}.Debug|x86.ActiveCfg = Debug|Any CPU
		{F1880F07-238F-4A3A-9E58-141350665E1F}.Debug|x86.Build.0 = Debug|Any CPU
		{F1880F07-238F-4A3A-9E58-141350665E1F}.Release|Any CPU.ActiveCfg = Release|Any CPU
		{F1880F07-238F-4A3A-9E58-141350665E1F}.Release|Any CPU.Build.0 = Release|Any CPU
		{F1880F07-238F-4A3A-9E58-141350665E1F}.Release|ARM.ActiveCfg = Release|Any CPU
		{F1880F07-238F-4A3A-9E58-141350665E1F}.Release|ARM.Build.0 = Release|Any CPU
		{F1880F07-238F-4A3A-9E58-141350665E1F}.Release|x64.ActiveCfg = Release|Any CPU
		{F1880F07-238F-4A3A-9E58-141350665E1F}.Release|x64.Build.0 = Release|Any CPU
		{F1880F07-238F-4A3A-9E58-141350665E1F}.Release|x86.ActiveCfg = Release|Any CPU
		{F1880F07-238F-4A3A-9E58-141350665E1F}.Release|x86.Build.0 = Release|Any CPU
		{E9C52E5E-28DC-4D45-B9AB-1B2CF2924A84}.Debug|Any CPU.ActiveCfg = Debug|Any CPU
		{E9C52E5E-28DC-4D45-B9AB-1B2CF2924A84}.Debug|Any CPU.Build.0 = Debug|Any CPU
		{E9C52E5E-28DC-4D45-B9AB-1B2CF2924A84}.Debug|ARM.ActiveCfg = Debug|Any CPU
		{E9C52E5E-28DC-4D45-B9AB-1B2CF2924A84}.Debug|ARM.Build.0 = Debug|Any CPU
		{E9C52E5E-28DC-4D45-B9AB-1B2CF2924A84}.Debug|x64.ActiveCfg = Debug|Any CPU
		{E9C52E5E-28DC-4D45-B9AB-1B2CF2924A84}.Debug|x64.Build.0 = Debug|Any CPU
		{E9C52E5E-28DC-4D45-B9AB-1B2CF2924A84}.Debug|x86.ActiveCfg = Debug|Any CPU
		{E9C52E5E-28DC-4D45-B9AB-1B2CF2924A84}.Debug|x86.Build.0 = Debug|Any CPU
		{E9C52E5E-28DC-4D45-B9AB-1B2CF2924A84}.Release|Any CPU.ActiveCfg = Release|Any CPU
		{E9C52E5E-28DC-4D45-B9AB-1B2CF2924A84}.Release|Any CPU.Build.0 = Release|Any CPU
		{E9C52E5E-28DC-4D45-B9AB-1B2CF2924A84}.Release|ARM.ActiveCfg = Release|Any CPU
		{E9C52E5E-28DC-4D45-B9AB-1B2CF2924A84}.Release|ARM.Build.0 = Release|Any CPU
		{E9C52E5E-28DC-4D45-B9AB-1B2CF2924A84}.Release|x64.ActiveCfg = Release|Any CPU
		{E9C52E5E-28DC-4D45-B9AB-1B2CF2924A84}.Release|x64.Build.0 = Release|Any CPU
		{E9C52E5E-28DC-4D45-B9AB-1B2CF2924A84}.Release|x86.ActiveCfg = Release|Any CPU
		{E9C52E5E-28DC-4D45-B9AB-1B2CF2924A84}.Release|x86.Build.0 = Release|Any CPU
		{36B101B1-720B-4770-B222-C6ADD464F9EC}.Debug|Any CPU.ActiveCfg = Debug|Any CPU
		{36B101B1-720B-4770-B222-C6ADD464F9EC}.Debug|Any CPU.Build.0 = Debug|Any CPU
		{36B101B1-720B-4770-B222-C6ADD464F9EC}.Debug|ARM.ActiveCfg = Debug|Any CPU
		{36B101B1-720B-4770-B222-C6ADD464F9EC}.Debug|ARM.Build.0 = Debug|Any CPU
		{36B101B1-720B-4770-B222-C6ADD464F9EC}.Debug|x64.ActiveCfg = Debug|Any CPU
		{36B101B1-720B-4770-B222-C6ADD464F9EC}.Debug|x64.Build.0 = Debug|Any CPU
		{36B101B1-720B-4770-B222-C6ADD464F9EC}.Debug|x86.ActiveCfg = Debug|Any CPU
		{36B101B1-720B-4770-B222-C6ADD464F9EC}.Debug|x86.Build.0 = Debug|Any CPU
		{36B101B1-720B-4770-B222-C6ADD464F9EC}.Release|Any CPU.ActiveCfg = Release|Any CPU
		{36B101B1-720B-4770-B222-C6ADD464F9EC}.Release|Any CPU.Build.0 = Release|Any CPU
		{36B101B1-720B-4770-B222-C6ADD464F9EC}.Release|ARM.ActiveCfg = Release|Any CPU
		{36B101B1-720B-4770-B222-C6ADD464F9EC}.Release|ARM.Build.0 = Release|Any CPU
		{36B101B1-720B-4770-B222-C6ADD464F9EC}.Release|x64.ActiveCfg = Release|Any CPU
		{36B101B1-720B-4770-B222-C6ADD464F9EC}.Release|x64.Build.0 = Release|Any CPU
		{36B101B1-720B-4770-B222-C6ADD464F9EC}.Release|x86.ActiveCfg = Release|Any CPU
		{36B101B1-720B-4770-B222-C6ADD464F9EC}.Release|x86.Build.0 = Release|Any CPU
		{D3804228-91F4-4502-9595-39584EA20000}.Debug|Any CPU.ActiveCfg = Debug|Any CPU
		{D3804228-91F4-4502-9595-39584EA20000}.Debug|Any CPU.Build.0 = Debug|Any CPU
		{D3804228-91F4-4502-9595-39584EA20000}.Debug|ARM.ActiveCfg = Debug|Any CPU
		{D3804228-91F4-4502-9595-39584EA20000}.Debug|ARM.Build.0 = Debug|Any CPU
		{D3804228-91F4-4502-9595-39584EA20000}.Debug|x64.ActiveCfg = Debug|Any CPU
		{D3804228-91F4-4502-9595-39584EA20000}.Debug|x64.Build.0 = Debug|Any CPU
		{D3804228-91F4-4502-9595-39584EA20000}.Debug|x86.ActiveCfg = Debug|Any CPU
		{D3804228-91F4-4502-9595-39584EA20000}.Debug|x86.Build.0 = Debug|Any CPU
		{D3804228-91F4-4502-9595-39584EA20000}.Release|Any CPU.ActiveCfg = Release|Any CPU
		{D3804228-91F4-4502-9595-39584EA20000}.Release|Any CPU.Build.0 = Release|Any CPU
		{D3804228-91F4-4502-9595-39584EA20000}.Release|ARM.ActiveCfg = Release|Any CPU
		{D3804228-91F4-4502-9595-39584EA20000}.Release|ARM.Build.0 = Release|Any CPU
		{D3804228-91F4-4502-9595-39584EA20000}.Release|x64.ActiveCfg = Release|Any CPU
		{D3804228-91F4-4502-9595-39584EA20000}.Release|x64.Build.0 = Release|Any CPU
		{D3804228-91F4-4502-9595-39584EA20000}.Release|x86.ActiveCfg = Release|Any CPU
		{D3804228-91F4-4502-9595-39584EA20000}.Release|x86.Build.0 = Release|Any CPU
		{0077F262-D69B-44D2-8A7C-87D8D19022A6}.Debug|Any CPU.ActiveCfg = Debug|Any CPU
		{0077F262-D69B-44D2-8A7C-87D8D19022A6}.Debug|Any CPU.Build.0 = Debug|Any CPU
		{0077F262-D69B-44D2-8A7C-87D8D19022A6}.Debug|ARM.ActiveCfg = Debug|Any CPU
		{0077F262-D69B-44D2-8A7C-87D8D19022A6}.Debug|ARM.Build.0 = Debug|Any CPU
		{0077F262-D69B-44D2-8A7C-87D8D19022A6}.Debug|x64.ActiveCfg = Debug|Any CPU
		{0077F262-D69B-44D2-8A7C-87D8D19022A6}.Debug|x64.Build.0 = Debug|Any CPU
		{0077F262-D69B-44D2-8A7C-87D8D19022A6}.Debug|x86.ActiveCfg = Debug|Any CPU
		{0077F262-D69B-44D2-8A7C-87D8D19022A6}.Debug|x86.Build.0 = Debug|Any CPU
		{0077F262-D69B-44D2-8A7C-87D8D19022A6}.Release|Any CPU.ActiveCfg = Release|Any CPU
		{0077F262-D69B-44D2-8A7C-87D8D19022A6}.Release|Any CPU.Build.0 = Release|Any CPU
		{0077F262-D69B-44D2-8A7C-87D8D19022A6}.Release|ARM.ActiveCfg = Release|Any CPU
		{0077F262-D69B-44D2-8A7C-87D8D19022A6}.Release|ARM.Build.0 = Release|Any CPU
		{0077F262-D69B-44D2-8A7C-87D8D19022A6}.Release|x64.ActiveCfg = Release|Any CPU
		{0077F262-D69B-44D2-8A7C-87D8D19022A6}.Release|x64.Build.0 = Release|Any CPU
		{0077F262-D69B-44D2-8A7C-87D8D19022A6}.Release|x86.ActiveCfg = Release|Any CPU
		{0077F262-D69B-44D2-8A7C-87D8D19022A6}.Release|x86.Build.0 = Release|Any CPU
		{6D21EBF2-C92D-4AE0-9BC3-47C63928F88A}.Debug|Any CPU.ActiveCfg = Debug|Any CPU
		{6D21EBF2-C92D-4AE0-9BC3-47C63928F88A}.Debug|Any CPU.Build.0 = Debug|Any CPU
		{6D21EBF2-C92D-4AE0-9BC3-47C63928F88A}.Debug|ARM.ActiveCfg = Debug|Any CPU
		{6D21EBF2-C92D-4AE0-9BC3-47C63928F88A}.Debug|ARM.Build.0 = Debug|Any CPU
		{6D21EBF2-C92D-4AE0-9BC3-47C63928F88A}.Debug|x64.ActiveCfg = Debug|Any CPU
		{6D21EBF2-C92D-4AE0-9BC3-47C63928F88A}.Debug|x64.Build.0 = Debug|Any CPU
		{6D21EBF2-C92D-4AE0-9BC3-47C63928F88A}.Debug|x86.ActiveCfg = Debug|Any CPU
		{6D21EBF2-C92D-4AE0-9BC3-47C63928F88A}.Debug|x86.Build.0 = Debug|Any CPU
		{6D21EBF2-C92D-4AE0-9BC3-47C63928F88A}.Release|Any CPU.ActiveCfg = Release|Any CPU
		{6D21EBF2-C92D-4AE0-9BC3-47C63928F88A}.Release|Any CPU.Build.0 = Release|Any CPU
		{6D21EBF2-C92D-4AE0-9BC3-47C63928F88A}.Release|ARM.ActiveCfg = Release|Any CPU
		{6D21EBF2-C92D-4AE0-9BC3-47C63928F88A}.Release|ARM.Build.0 = Release|Any CPU
		{6D21EBF2-C92D-4AE0-9BC3-47C63928F88A}.Release|x64.ActiveCfg = Release|Any CPU
		{6D21EBF2-C92D-4AE0-9BC3-47C63928F88A}.Release|x64.Build.0 = Release|Any CPU
		{6D21EBF2-C92D-4AE0-9BC3-47C63928F88A}.Release|x86.ActiveCfg = Release|Any CPU
		{6D21EBF2-C92D-4AE0-9BC3-47C63928F88A}.Release|x86.Build.0 = Release|Any CPU
		{D160E2CF-A7E1-4DDE-9AB8-8CFB0087DCEB}.Debug|Any CPU.ActiveCfg = Debug|Any CPU
		{D160E2CF-A7E1-4DDE-9AB8-8CFB0087DCEB}.Debug|Any CPU.Build.0 = Debug|Any CPU
		{D160E2CF-A7E1-4DDE-9AB8-8CFB0087DCEB}.Debug|ARM.ActiveCfg = Debug|Any CPU
		{D160E2CF-A7E1-4DDE-9AB8-8CFB0087DCEB}.Debug|ARM.Build.0 = Debug|Any CPU
		{D160E2CF-A7E1-4DDE-9AB8-8CFB0087DCEB}.Debug|x64.ActiveCfg = Debug|Any CPU
		{D160E2CF-A7E1-4DDE-9AB8-8CFB0087DCEB}.Debug|x64.Build.0 = Debug|Any CPU
		{D160E2CF-A7E1-4DDE-9AB8-8CFB0087DCEB}.Debug|x86.ActiveCfg = Debug|Any CPU
		{D160E2CF-A7E1-4DDE-9AB8-8CFB0087DCEB}.Debug|x86.Build.0 = Debug|Any CPU
		{D160E2CF-A7E1-4DDE-9AB8-8CFB0087DCEB}.Release|Any CPU.ActiveCfg = Release|Any CPU
		{D160E2CF-A7E1-4DDE-9AB8-8CFB0087DCEB}.Release|Any CPU.Build.0 = Release|Any CPU
		{D160E2CF-A7E1-4DDE-9AB8-8CFB0087DCEB}.Release|ARM.ActiveCfg = Release|Any CPU
		{D160E2CF-A7E1-4DDE-9AB8-8CFB0087DCEB}.Release|ARM.Build.0 = Release|Any CPU
		{D160E2CF-A7E1-4DDE-9AB8-8CFB0087DCEB}.Release|x64.ActiveCfg = Release|Any CPU
		{D160E2CF-A7E1-4DDE-9AB8-8CFB0087DCEB}.Release|x64.Build.0 = Release|Any CPU
		{D160E2CF-A7E1-4DDE-9AB8-8CFB0087DCEB}.Release|x86.ActiveCfg = Release|Any CPU
		{D160E2CF-A7E1-4DDE-9AB8-8CFB0087DCEB}.Release|x86.Build.0 = Release|Any CPU
		{0034821E-740D-4553-821B-14CE9213C43C}.Debug|Any CPU.ActiveCfg = Debug|Any CPU
		{0034821E-740D-4553-821B-14CE9213C43C}.Debug|Any CPU.Build.0 = Debug|Any CPU
		{0034821E-740D-4553-821B-14CE9213C43C}.Debug|ARM.ActiveCfg = Debug|Any CPU
		{0034821E-740D-4553-821B-14CE9213C43C}.Debug|ARM.Build.0 = Debug|Any CPU
		{0034821E-740D-4553-821B-14CE9213C43C}.Debug|x64.ActiveCfg = Debug|Any CPU
		{0034821E-740D-4553-821B-14CE9213C43C}.Debug|x64.Build.0 = Debug|Any CPU
		{0034821E-740D-4553-821B-14CE9213C43C}.Debug|x86.ActiveCfg = Debug|Any CPU
		{0034821E-740D-4553-821B-14CE9213C43C}.Debug|x86.Build.0 = Debug|Any CPU
		{0034821E-740D-4553-821B-14CE9213C43C}.Release|Any CPU.ActiveCfg = Release|Any CPU
		{0034821E-740D-4553-821B-14CE9213C43C}.Release|Any CPU.Build.0 = Release|Any CPU
		{0034821E-740D-4553-821B-14CE9213C43C}.Release|ARM.ActiveCfg = Release|Any CPU
		{0034821E-740D-4553-821B-14CE9213C43C}.Release|ARM.Build.0 = Release|Any CPU
		{0034821E-740D-4553-821B-14CE9213C43C}.Release|x64.ActiveCfg = Release|Any CPU
		{0034821E-740D-4553-821B-14CE9213C43C}.Release|x64.Build.0 = Release|Any CPU
		{0034821E-740D-4553-821B-14CE9213C43C}.Release|x86.ActiveCfg = Release|Any CPU
		{0034821E-740D-4553-821B-14CE9213C43C}.Release|x86.Build.0 = Release|Any CPU
		{CD80A3AC-B0E1-45ED-BE07-DE6A0F1D4CD8}.Debug|Any CPU.ActiveCfg = Debug|Any CPU
		{CD80A3AC-B0E1-45ED-BE07-DE6A0F1D4CD8}.Debug|Any CPU.Build.0 = Debug|Any CPU
		{CD80A3AC-B0E1-45ED-BE07-DE6A0F1D4CD8}.Debug|ARM.ActiveCfg = Debug|Any CPU
		{CD80A3AC-B0E1-45ED-BE07-DE6A0F1D4CD8}.Debug|ARM.Build.0 = Debug|Any CPU
		{CD80A3AC-B0E1-45ED-BE07-DE6A0F1D4CD8}.Debug|x64.ActiveCfg = Debug|Any CPU
		{CD80A3AC-B0E1-45ED-BE07-DE6A0F1D4CD8}.Debug|x64.Build.0 = Debug|Any CPU
		{CD80A3AC-B0E1-45ED-BE07-DE6A0F1D4CD8}.Debug|x86.ActiveCfg = Debug|Any CPU
		{CD80A3AC-B0E1-45ED-BE07-DE6A0F1D4CD8}.Debug|x86.Build.0 = Debug|Any CPU
		{CD80A3AC-B0E1-45ED-BE07-DE6A0F1D4CD8}.Release|Any CPU.ActiveCfg = Release|Any CPU
		{CD80A3AC-B0E1-45ED-BE07-DE6A0F1D4CD8}.Release|Any CPU.Build.0 = Release|Any CPU
		{CD80A3AC-B0E1-45ED-BE07-DE6A0F1D4CD8}.Release|ARM.ActiveCfg = Release|Any CPU
		{CD80A3AC-B0E1-45ED-BE07-DE6A0F1D4CD8}.Release|ARM.Build.0 = Release|Any CPU
		{CD80A3AC-B0E1-45ED-BE07-DE6A0F1D4CD8}.Release|x64.ActiveCfg = Release|Any CPU
		{CD80A3AC-B0E1-45ED-BE07-DE6A0F1D4CD8}.Release|x64.Build.0 = Release|Any CPU
		{CD80A3AC-B0E1-45ED-BE07-DE6A0F1D4CD8}.Release|x86.ActiveCfg = Release|Any CPU
		{CD80A3AC-B0E1-45ED-BE07-DE6A0F1D4CD8}.Release|x86.Build.0 = Release|Any CPU
		{CDD8D5BF-A212-43DD-B043-4B7242C553E0}.Debug|Any CPU.ActiveCfg = Debug|Any CPU
		{CDD8D5BF-A212-43DD-B043-4B7242C553E0}.Debug|Any CPU.Build.0 = Debug|Any CPU
		{CDD8D5BF-A212-43DD-B043-4B7242C553E0}.Debug|ARM.ActiveCfg = Debug|Any CPU
		{CDD8D5BF-A212-43DD-B043-4B7242C553E0}.Debug|ARM.Build.0 = Debug|Any CPU
		{CDD8D5BF-A212-43DD-B043-4B7242C553E0}.Debug|x64.ActiveCfg = Debug|Any CPU
		{CDD8D5BF-A212-43DD-B043-4B7242C553E0}.Debug|x64.Build.0 = Debug|Any CPU
		{CDD8D5BF-A212-43DD-B043-4B7242C553E0}.Debug|x86.ActiveCfg = Debug|Any CPU
		{CDD8D5BF-A212-43DD-B043-4B7242C553E0}.Debug|x86.Build.0 = Debug|Any CPU
		{CDD8D5BF-A212-43DD-B043-4B7242C553E0}.Release|Any CPU.ActiveCfg = Release|Any CPU
		{CDD8D5BF-A212-43DD-B043-4B7242C553E0}.Release|Any CPU.Build.0 = Release|Any CPU
		{CDD8D5BF-A212-43DD-B043-4B7242C553E0}.Release|ARM.ActiveCfg = Release|Any CPU
		{CDD8D5BF-A212-43DD-B043-4B7242C553E0}.Release|ARM.Build.0 = Release|Any CPU
		{CDD8D5BF-A212-43DD-B043-4B7242C553E0}.Release|x64.ActiveCfg = Release|Any CPU
		{CDD8D5BF-A212-43DD-B043-4B7242C553E0}.Release|x64.Build.0 = Release|Any CPU
		{CDD8D5BF-A212-43DD-B043-4B7242C553E0}.Release|x86.ActiveCfg = Release|Any CPU
		{CDD8D5BF-A212-43DD-B043-4B7242C553E0}.Release|x86.Build.0 = Release|Any CPU
		{7994FECC-965C-4A5D-8B0E-1A6EA769D4BE}.Debug|Any CPU.ActiveCfg = Debug|Any CPU
		{7994FECC-965C-4A5D-8B0E-1A6EA769D4BE}.Debug|Any CPU.Build.0 = Debug|Any CPU
		{7994FECC-965C-4A5D-8B0E-1A6EA769D4BE}.Debug|ARM.ActiveCfg = Debug|Any CPU
		{7994FECC-965C-4A5D-8B0E-1A6EA769D4BE}.Debug|ARM.Build.0 = Debug|Any CPU
		{7994FECC-965C-4A5D-8B0E-1A6EA769D4BE}.Debug|x64.ActiveCfg = Debug|Any CPU
		{7994FECC-965C-4A5D-8B0E-1A6EA769D4BE}.Debug|x64.Build.0 = Debug|Any CPU
		{7994FECC-965C-4A5D-8B0E-1A6EA769D4BE}.Debug|x86.ActiveCfg = Debug|Any CPU
		{7994FECC-965C-4A5D-8B0E-1A6EA769D4BE}.Debug|x86.Build.0 = Debug|Any CPU
		{7994FECC-965C-4A5D-8B0E-1A6EA769D4BE}.Release|Any CPU.ActiveCfg = Release|Any CPU
		{7994FECC-965C-4A5D-8B0E-1A6EA769D4BE}.Release|Any CPU.Build.0 = Release|Any CPU
		{7994FECC-965C-4A5D-8B0E-1A6EA769D4BE}.Release|ARM.ActiveCfg = Release|Any CPU
		{7994FECC-965C-4A5D-8B0E-1A6EA769D4BE}.Release|ARM.Build.0 = Release|Any CPU
		{7994FECC-965C-4A5D-8B0E-1A6EA769D4BE}.Release|x64.ActiveCfg = Release|Any CPU
		{7994FECC-965C-4A5D-8B0E-1A6EA769D4BE}.Release|x64.Build.0 = Release|Any CPU
		{7994FECC-965C-4A5D-8B0E-1A6EA769D4BE}.Release|x86.ActiveCfg = Release|Any CPU
		{7994FECC-965C-4A5D-8B0E-1A6EA769D4BE}.Release|x86.Build.0 = Release|Any CPU
		{D3804228-91F4-4502-9595-39584E519901}.Debug|Any CPU.ActiveCfg = Debug|Any CPU
		{D3804228-91F4-4502-9595-39584E519901}.Debug|Any CPU.Build.0 = Debug|Any CPU
		{D3804228-91F4-4502-9595-39584E519901}.Debug|ARM.ActiveCfg = Debug|Any CPU
		{D3804228-91F4-4502-9595-39584E519901}.Debug|ARM.Build.0 = Debug|Any CPU
		{D3804228-91F4-4502-9595-39584E519901}.Debug|x64.ActiveCfg = Debug|Any CPU
		{D3804228-91F4-4502-9595-39584E519901}.Debug|x64.Build.0 = Debug|Any CPU
		{D3804228-91F4-4502-9595-39584E519901}.Debug|x86.ActiveCfg = Debug|Any CPU
		{D3804228-91F4-4502-9595-39584E519901}.Debug|x86.Build.0 = Debug|Any CPU
		{D3804228-91F4-4502-9595-39584E519901}.Release|Any CPU.ActiveCfg = Release|Any CPU
		{D3804228-91F4-4502-9595-39584E519901}.Release|Any CPU.Build.0 = Release|Any CPU
		{D3804228-91F4-4502-9595-39584E519901}.Release|ARM.ActiveCfg = Release|Any CPU
		{D3804228-91F4-4502-9595-39584E519901}.Release|ARM.Build.0 = Release|Any CPU
		{D3804228-91F4-4502-9595-39584E519901}.Release|x64.ActiveCfg = Release|Any CPU
		{D3804228-91F4-4502-9595-39584E519901}.Release|x64.Build.0 = Release|Any CPU
		{D3804228-91F4-4502-9595-39584E519901}.Release|x86.ActiveCfg = Release|Any CPU
		{D3804228-91F4-4502-9595-39584E519901}.Release|x86.Build.0 = Release|Any CPU
		{B3D1A89E-CE12-4A0D-B23E-8970D681C719}.Debug|Any CPU.ActiveCfg = Debug|Any CPU
		{B3D1A89E-CE12-4A0D-B23E-8970D681C719}.Debug|Any CPU.Build.0 = Debug|Any CPU
		{B3D1A89E-CE12-4A0D-B23E-8970D681C719}.Debug|ARM.ActiveCfg = Debug|Any CPU
		{B3D1A89E-CE12-4A0D-B23E-8970D681C719}.Debug|ARM.Build.0 = Debug|Any CPU
		{B3D1A89E-CE12-4A0D-B23E-8970D681C719}.Debug|x64.ActiveCfg = Debug|Any CPU
		{B3D1A89E-CE12-4A0D-B23E-8970D681C719}.Debug|x64.Build.0 = Debug|Any CPU
		{B3D1A89E-CE12-4A0D-B23E-8970D681C719}.Debug|x86.ActiveCfg = Debug|Any CPU
		{B3D1A89E-CE12-4A0D-B23E-8970D681C719}.Debug|x86.Build.0 = Debug|Any CPU
		{B3D1A89E-CE12-4A0D-B23E-8970D681C719}.Release|Any CPU.ActiveCfg = Release|Any CPU
		{B3D1A89E-CE12-4A0D-B23E-8970D681C719}.Release|Any CPU.Build.0 = Release|Any CPU
		{B3D1A89E-CE12-4A0D-B23E-8970D681C719}.Release|ARM.ActiveCfg = Release|Any CPU
		{B3D1A89E-CE12-4A0D-B23E-8970D681C719}.Release|ARM.Build.0 = Release|Any CPU
		{B3D1A89E-CE12-4A0D-B23E-8970D681C719}.Release|x64.ActiveCfg = Release|Any CPU
		{B3D1A89E-CE12-4A0D-B23E-8970D681C719}.Release|x64.Build.0 = Release|Any CPU
		{B3D1A89E-CE12-4A0D-B23E-8970D681C719}.Release|x86.ActiveCfg = Release|Any CPU
		{B3D1A89E-CE12-4A0D-B23E-8970D681C719}.Release|x86.Build.0 = Release|Any CPU
		{060F5395-623F-464F-9C84-120E9496CBBA}.Debug|Any CPU.ActiveCfg = Debug|Any CPU
		{060F5395-623F-464F-9C84-120E9496CBBA}.Debug|Any CPU.Build.0 = Debug|Any CPU
		{060F5395-623F-464F-9C84-120E9496CBBA}.Debug|ARM.ActiveCfg = Debug|Any CPU
		{060F5395-623F-464F-9C84-120E9496CBBA}.Debug|ARM.Build.0 = Debug|Any CPU
		{060F5395-623F-464F-9C84-120E9496CBBA}.Debug|x64.ActiveCfg = Debug|Any CPU
		{060F5395-623F-464F-9C84-120E9496CBBA}.Debug|x64.Build.0 = Debug|Any CPU
		{060F5395-623F-464F-9C84-120E9496CBBA}.Debug|x86.ActiveCfg = Debug|Any CPU
		{060F5395-623F-464F-9C84-120E9496CBBA}.Debug|x86.Build.0 = Debug|Any CPU
		{060F5395-623F-464F-9C84-120E9496CBBA}.Release|Any CPU.ActiveCfg = Release|Any CPU
		{060F5395-623F-464F-9C84-120E9496CBBA}.Release|Any CPU.Build.0 = Release|Any CPU
		{060F5395-623F-464F-9C84-120E9496CBBA}.Release|ARM.ActiveCfg = Release|Any CPU
		{060F5395-623F-464F-9C84-120E9496CBBA}.Release|ARM.Build.0 = Release|Any CPU
		{060F5395-623F-464F-9C84-120E9496CBBA}.Release|x64.ActiveCfg = Release|Any CPU
		{060F5395-623F-464F-9C84-120E9496CBBA}.Release|x64.Build.0 = Release|Any CPU
		{060F5395-623F-464F-9C84-120E9496CBBA}.Release|x86.ActiveCfg = Release|Any CPU
		{060F5395-623F-464F-9C84-120E9496CBBA}.Release|x86.Build.0 = Release|Any CPU
		{C7020A29-724F-40D3-9493-E6E9C018DE57}.Debug|Any CPU.ActiveCfg = Debug|x86
		{C7020A29-724F-40D3-9493-E6E9C018DE57}.Debug|ARM.ActiveCfg = Debug|ARM
		{C7020A29-724F-40D3-9493-E6E9C018DE57}.Debug|ARM.Build.0 = Debug|ARM
		{C7020A29-724F-40D3-9493-E6E9C018DE57}.Debug|ARM.Deploy.0 = Debug|ARM
		{C7020A29-724F-40D3-9493-E6E9C018DE57}.Debug|x64.ActiveCfg = Debug|x64
		{C7020A29-724F-40D3-9493-E6E9C018DE57}.Debug|x64.Build.0 = Debug|x64
		{C7020A29-724F-40D3-9493-E6E9C018DE57}.Debug|x64.Deploy.0 = Debug|x64
		{C7020A29-724F-40D3-9493-E6E9C018DE57}.Debug|x86.ActiveCfg = Debug|x86
		{C7020A29-724F-40D3-9493-E6E9C018DE57}.Debug|x86.Build.0 = Debug|x86
		{C7020A29-724F-40D3-9493-E6E9C018DE57}.Debug|x86.Deploy.0 = Debug|x86
		{C7020A29-724F-40D3-9493-E6E9C018DE57}.Release|Any CPU.ActiveCfg = Release|x86
		{C7020A29-724F-40D3-9493-E6E9C018DE57}.Release|ARM.ActiveCfg = Release|ARM
		{C7020A29-724F-40D3-9493-E6E9C018DE57}.Release|ARM.Build.0 = Release|ARM
		{C7020A29-724F-40D3-9493-E6E9C018DE57}.Release|ARM.Deploy.0 = Release|ARM
		{C7020A29-724F-40D3-9493-E6E9C018DE57}.Release|x64.ActiveCfg = Release|x64
		{C7020A29-724F-40D3-9493-E6E9C018DE57}.Release|x64.Build.0 = Release|x64
		{C7020A29-724F-40D3-9493-E6E9C018DE57}.Release|x64.Deploy.0 = Release|x64
		{C7020A29-724F-40D3-9493-E6E9C018DE57}.Release|x86.ActiveCfg = Release|x86
		{C7020A29-724F-40D3-9493-E6E9C018DE57}.Release|x86.Build.0 = Release|x86
		{C7020A29-724F-40D3-9493-E6E9C018DE57}.Release|x86.Deploy.0 = Release|x86
		{C530A693-66FD-48A9-B42A-D613BB4CB754}.Debug|Any CPU.ActiveCfg = Debug|Any CPU
		{C530A693-66FD-48A9-B42A-D613BB4CB754}.Debug|Any CPU.Build.0 = Debug|Any CPU
		{C530A693-66FD-48A9-B42A-D613BB4CB754}.Debug|ARM.ActiveCfg = Debug|Any CPU
		{C530A693-66FD-48A9-B42A-D613BB4CB754}.Debug|ARM.Build.0 = Debug|Any CPU
		{C530A693-66FD-48A9-B42A-D613BB4CB754}.Debug|x64.ActiveCfg = Debug|Any CPU
		{C530A693-66FD-48A9-B42A-D613BB4CB754}.Debug|x64.Build.0 = Debug|Any CPU
		{C530A693-66FD-48A9-B42A-D613BB4CB754}.Debug|x86.ActiveCfg = Debug|Any CPU
		{C530A693-66FD-48A9-B42A-D613BB4CB754}.Debug|x86.Build.0 = Debug|Any CPU
		{C530A693-66FD-48A9-B42A-D613BB4CB754}.Release|Any CPU.ActiveCfg = Release|Any CPU
		{C530A693-66FD-48A9-B42A-D613BB4CB754}.Release|Any CPU.Build.0 = Release|Any CPU
		{C530A693-66FD-48A9-B42A-D613BB4CB754}.Release|ARM.ActiveCfg = Release|Any CPU
		{C530A693-66FD-48A9-B42A-D613BB4CB754}.Release|ARM.Build.0 = Release|Any CPU
		{C530A693-66FD-48A9-B42A-D613BB4CB754}.Release|x64.ActiveCfg = Release|Any CPU
		{C530A693-66FD-48A9-B42A-D613BB4CB754}.Release|x64.Build.0 = Release|Any CPU
		{C530A693-66FD-48A9-B42A-D613BB4CB754}.Release|x86.ActiveCfg = Release|Any CPU
		{C530A693-66FD-48A9-B42A-D613BB4CB754}.Release|x86.Build.0 = Release|Any CPU
		{1D30F4EB-3CD9-446C-BDFB-107F79F05BBC}.Debug|Any CPU.ActiveCfg = Debug|Any CPU
		{1D30F4EB-3CD9-446C-BDFB-107F79F05BBC}.Debug|Any CPU.Build.0 = Debug|Any CPU
		{1D30F4EB-3CD9-446C-BDFB-107F79F05BBC}.Debug|ARM.ActiveCfg = Debug|Any CPU
		{1D30F4EB-3CD9-446C-BDFB-107F79F05BBC}.Debug|ARM.Build.0 = Debug|Any CPU
		{1D30F4EB-3CD9-446C-BDFB-107F79F05BBC}.Debug|x64.ActiveCfg = Debug|Any CPU
		{1D30F4EB-3CD9-446C-BDFB-107F79F05BBC}.Debug|x64.Build.0 = Debug|Any CPU
		{1D30F4EB-3CD9-446C-BDFB-107F79F05BBC}.Debug|x86.ActiveCfg = Debug|Any CPU
		{1D30F4EB-3CD9-446C-BDFB-107F79F05BBC}.Debug|x86.Build.0 = Debug|Any CPU
		{1D30F4EB-3CD9-446C-BDFB-107F79F05BBC}.Release|Any CPU.ActiveCfg = Release|Any CPU
		{1D30F4EB-3CD9-446C-BDFB-107F79F05BBC}.Release|Any CPU.Build.0 = Release|Any CPU
		{1D30F4EB-3CD9-446C-BDFB-107F79F05BBC}.Release|ARM.ActiveCfg = Release|Any CPU
		{1D30F4EB-3CD9-446C-BDFB-107F79F05BBC}.Release|ARM.Build.0 = Release|Any CPU
		{1D30F4EB-3CD9-446C-BDFB-107F79F05BBC}.Release|x64.ActiveCfg = Release|Any CPU
		{1D30F4EB-3CD9-446C-BDFB-107F79F05BBC}.Release|x64.Build.0 = Release|Any CPU
		{1D30F4EB-3CD9-446C-BDFB-107F79F05BBC}.Release|x86.ActiveCfg = Release|Any CPU
		{1D30F4EB-3CD9-446C-BDFB-107F79F05BBC}.Release|x86.Build.0 = Release|Any CPU
		{38FDDF50-5F86-4B6D-9062-F687C6FD41A8}.Debug|Any CPU.ActiveCfg = Debug|Any CPU
		{38FDDF50-5F86-4B6D-9062-F687C6FD41A8}.Debug|Any CPU.Build.0 = Debug|Any CPU
		{38FDDF50-5F86-4B6D-9062-F687C6FD41A8}.Debug|ARM.ActiveCfg = Debug|Any CPU
		{38FDDF50-5F86-4B6D-9062-F687C6FD41A8}.Debug|ARM.Build.0 = Debug|Any CPU
		{38FDDF50-5F86-4B6D-9062-F687C6FD41A8}.Debug|x64.ActiveCfg = Debug|Any CPU
		{38FDDF50-5F86-4B6D-9062-F687C6FD41A8}.Debug|x64.Build.0 = Debug|Any CPU
		{38FDDF50-5F86-4B6D-9062-F687C6FD41A8}.Debug|x86.ActiveCfg = Debug|Any CPU
		{38FDDF50-5F86-4B6D-9062-F687C6FD41A8}.Debug|x86.Build.0 = Debug|Any CPU
		{38FDDF50-5F86-4B6D-9062-F687C6FD41A8}.Release|Any CPU.ActiveCfg = Release|Any CPU
		{38FDDF50-5F86-4B6D-9062-F687C6FD41A8}.Release|Any CPU.Build.0 = Release|Any CPU
		{38FDDF50-5F86-4B6D-9062-F687C6FD41A8}.Release|ARM.ActiveCfg = Release|Any CPU
		{38FDDF50-5F86-4B6D-9062-F687C6FD41A8}.Release|ARM.Build.0 = Release|Any CPU
		{38FDDF50-5F86-4B6D-9062-F687C6FD41A8}.Release|x64.ActiveCfg = Release|Any CPU
		{38FDDF50-5F86-4B6D-9062-F687C6FD41A8}.Release|x64.Build.0 = Release|Any CPU
		{38FDDF50-5F86-4B6D-9062-F687C6FD41A8}.Release|x86.ActiveCfg = Release|Any CPU
		{38FDDF50-5F86-4B6D-9062-F687C6FD41A8}.Release|x86.Build.0 = Release|Any CPU
		{85D70423-5800-41E9-B7D5-244AAF051A85}.Debug|Any CPU.ActiveCfg = Debug|Any CPU
		{85D70423-5800-41E9-B7D5-244AAF051A85}.Debug|Any CPU.Build.0 = Debug|Any CPU
		{85D70423-5800-41E9-B7D5-244AAF051A85}.Debug|Any CPU.Deploy.0 = Debug|Any CPU
		{85D70423-5800-41E9-B7D5-244AAF051A85}.Debug|ARM.ActiveCfg = Debug|Any CPU
		{85D70423-5800-41E9-B7D5-244AAF051A85}.Debug|ARM.Build.0 = Debug|Any CPU
		{85D70423-5800-41E9-B7D5-244AAF051A85}.Debug|ARM.Deploy.0 = Debug|Any CPU
		{85D70423-5800-41E9-B7D5-244AAF051A85}.Debug|x64.ActiveCfg = Debug|Any CPU
		{85D70423-5800-41E9-B7D5-244AAF051A85}.Debug|x64.Build.0 = Debug|Any CPU
		{85D70423-5800-41E9-B7D5-244AAF051A85}.Debug|x64.Deploy.0 = Debug|Any CPU
		{85D70423-5800-41E9-B7D5-244AAF051A85}.Debug|x86.ActiveCfg = Debug|Any CPU
		{85D70423-5800-41E9-B7D5-244AAF051A85}.Debug|x86.Build.0 = Debug|Any CPU
		{85D70423-5800-41E9-B7D5-244AAF051A85}.Debug|x86.Deploy.0 = Debug|Any CPU
		{85D70423-5800-41E9-B7D5-244AAF051A85}.Release|Any CPU.ActiveCfg = Release|Any CPU
		{85D70423-5800-41E9-B7D5-244AAF051A85}.Release|Any CPU.Build.0 = Release|Any CPU
		{85D70423-5800-41E9-B7D5-244AAF051A85}.Release|Any CPU.Deploy.0 = Release|Any CPU
		{85D70423-5800-41E9-B7D5-244AAF051A85}.Release|ARM.ActiveCfg = Release|Any CPU
		{85D70423-5800-41E9-B7D5-244AAF051A85}.Release|ARM.Build.0 = Release|Any CPU
		{85D70423-5800-41E9-B7D5-244AAF051A85}.Release|ARM.Deploy.0 = Release|Any CPU
		{85D70423-5800-41E9-B7D5-244AAF051A85}.Release|x64.ActiveCfg = Release|Any CPU
		{85D70423-5800-41E9-B7D5-244AAF051A85}.Release|x64.Build.0 = Release|Any CPU
		{85D70423-5800-41E9-B7D5-244AAF051A85}.Release|x64.Deploy.0 = Release|Any CPU
		{85D70423-5800-41E9-B7D5-244AAF051A85}.Release|x86.ActiveCfg = Release|Any CPU
		{85D70423-5800-41E9-B7D5-244AAF051A85}.Release|x86.Build.0 = Release|Any CPU
		{85D70423-5800-41E9-B7D5-244AAF051A85}.Release|x86.Deploy.0 = Release|Any CPU
		{CE0965F5-C4DD-4CAB-94C6-FE260775D2B3}.Debug|Any CPU.ActiveCfg = Debug|Any CPU
		{CE0965F5-C4DD-4CAB-94C6-FE260775D2B3}.Debug|Any CPU.Build.0 = Debug|Any CPU
		{CE0965F5-C4DD-4CAB-94C6-FE260775D2B3}.Debug|Any CPU.Deploy.0 = Debug|Any CPU
		{CE0965F5-C4DD-4CAB-94C6-FE260775D2B3}.Debug|ARM.ActiveCfg = Debug|Any CPU
		{CE0965F5-C4DD-4CAB-94C6-FE260775D2B3}.Debug|ARM.Build.0 = Debug|Any CPU
		{CE0965F5-C4DD-4CAB-94C6-FE260775D2B3}.Debug|ARM.Deploy.0 = Debug|Any CPU
		{CE0965F5-C4DD-4CAB-94C6-FE260775D2B3}.Debug|x64.ActiveCfg = Debug|Any CPU
		{CE0965F5-C4DD-4CAB-94C6-FE260775D2B3}.Debug|x64.Build.0 = Debug|Any CPU
		{CE0965F5-C4DD-4CAB-94C6-FE260775D2B3}.Debug|x64.Deploy.0 = Debug|Any CPU
		{CE0965F5-C4DD-4CAB-94C6-FE260775D2B3}.Debug|x86.ActiveCfg = Debug|Any CPU
		{CE0965F5-C4DD-4CAB-94C6-FE260775D2B3}.Debug|x86.Build.0 = Debug|Any CPU
		{CE0965F5-C4DD-4CAB-94C6-FE260775D2B3}.Debug|x86.Deploy.0 = Debug|Any CPU
		{CE0965F5-C4DD-4CAB-94C6-FE260775D2B3}.Release|Any CPU.ActiveCfg = Release|Any CPU
		{CE0965F5-C4DD-4CAB-94C6-FE260775D2B3}.Release|Any CPU.Build.0 = Release|Any CPU
		{CE0965F5-C4DD-4CAB-94C6-FE260775D2B3}.Release|Any CPU.Deploy.0 = Release|Any CPU
		{CE0965F5-C4DD-4CAB-94C6-FE260775D2B3}.Release|ARM.ActiveCfg = Release|Any CPU
		{CE0965F5-C4DD-4CAB-94C6-FE260775D2B3}.Release|ARM.Build.0 = Release|Any CPU
		{CE0965F5-C4DD-4CAB-94C6-FE260775D2B3}.Release|ARM.Deploy.0 = Release|Any CPU
		{CE0965F5-C4DD-4CAB-94C6-FE260775D2B3}.Release|x64.ActiveCfg = Release|Any CPU
		{CE0965F5-C4DD-4CAB-94C6-FE260775D2B3}.Release|x64.Build.0 = Release|Any CPU
		{CE0965F5-C4DD-4CAB-94C6-FE260775D2B3}.Release|x64.Deploy.0 = Release|Any CPU
		{CE0965F5-C4DD-4CAB-94C6-FE260775D2B3}.Release|x86.ActiveCfg = Release|Any CPU
		{CE0965F5-C4DD-4CAB-94C6-FE260775D2B3}.Release|x86.Build.0 = Release|Any CPU
		{CE0965F5-C4DD-4CAB-94C6-FE260775D2B3}.Release|x86.Deploy.0 = Release|Any CPU
		{3DA1CE3B-D1FB-4CEC-A4A6-22495CC36655}.Debug|Any CPU.ActiveCfg = Debug|Any CPU
		{3DA1CE3B-D1FB-4CEC-A4A6-22495CC36655}.Debug|Any CPU.Build.0 = Debug|Any CPU
		{3DA1CE3B-D1FB-4CEC-A4A6-22495CC36655}.Debug|ARM.ActiveCfg = Debug|Any CPU
		{3DA1CE3B-D1FB-4CEC-A4A6-22495CC36655}.Debug|ARM.Build.0 = Debug|Any CPU
		{3DA1CE3B-D1FB-4CEC-A4A6-22495CC36655}.Debug|x64.ActiveCfg = Debug|Any CPU
		{3DA1CE3B-D1FB-4CEC-A4A6-22495CC36655}.Debug|x64.Build.0 = Debug|Any CPU
		{3DA1CE3B-D1FB-4CEC-A4A6-22495CC36655}.Debug|x86.ActiveCfg = Debug|Any CPU
		{3DA1CE3B-D1FB-4CEC-A4A6-22495CC36655}.Debug|x86.Build.0 = Debug|Any CPU
		{3DA1CE3B-D1FB-4CEC-A4A6-22495CC36655}.Release|Any CPU.ActiveCfg = Release|Any CPU
		{3DA1CE3B-D1FB-4CEC-A4A6-22495CC36655}.Release|Any CPU.Build.0 = Release|Any CPU
		{3DA1CE3B-D1FB-4CEC-A4A6-22495CC36655}.Release|ARM.ActiveCfg = Release|Any CPU
		{3DA1CE3B-D1FB-4CEC-A4A6-22495CC36655}.Release|ARM.Build.0 = Release|Any CPU
		{3DA1CE3B-D1FB-4CEC-A4A6-22495CC36655}.Release|x64.ActiveCfg = Release|Any CPU
		{3DA1CE3B-D1FB-4CEC-A4A6-22495CC36655}.Release|x64.Build.0 = Release|Any CPU
		{3DA1CE3B-D1FB-4CEC-A4A6-22495CC36655}.Release|x86.ActiveCfg = Release|Any CPU
		{3DA1CE3B-D1FB-4CEC-A4A6-22495CC36655}.Release|x86.Build.0 = Release|Any CPU
		{D28F6393-B56B-40A2-AF67-E8D669F42546}.Debug|Any CPU.ActiveCfg = Debug|Any CPU
		{D28F6393-B56B-40A2-AF67-E8D669F42546}.Debug|Any CPU.Build.0 = Debug|Any CPU
		{D28F6393-B56B-40A2-AF67-E8D669F42546}.Debug|ARM.ActiveCfg = Debug|Any CPU
		{D28F6393-B56B-40A2-AF67-E8D669F42546}.Debug|ARM.Build.0 = Debug|Any CPU
		{D28F6393-B56B-40A2-AF67-E8D669F42546}.Debug|x64.ActiveCfg = Debug|Any CPU
		{D28F6393-B56B-40A2-AF67-E8D669F42546}.Debug|x64.Build.0 = Debug|Any CPU
		{D28F6393-B56B-40A2-AF67-E8D669F42546}.Debug|x86.ActiveCfg = Debug|Any CPU
		{D28F6393-B56B-40A2-AF67-E8D669F42546}.Debug|x86.Build.0 = Debug|Any CPU
		{D28F6393-B56B-40A2-AF67-E8D669F42546}.Release|Any CPU.ActiveCfg = Release|Any CPU
		{D28F6393-B56B-40A2-AF67-E8D669F42546}.Release|Any CPU.Build.0 = Release|Any CPU
		{D28F6393-B56B-40A2-AF67-E8D669F42546}.Release|ARM.ActiveCfg = Release|Any CPU
		{D28F6393-B56B-40A2-AF67-E8D669F42546}.Release|ARM.Build.0 = Release|Any CPU
		{D28F6393-B56B-40A2-AF67-E8D669F42546}.Release|x64.ActiveCfg = Release|Any CPU
		{D28F6393-B56B-40A2-AF67-E8D669F42546}.Release|x64.Build.0 = Release|Any CPU
		{D28F6393-B56B-40A2-AF67-E8D669F42546}.Release|x86.ActiveCfg = Release|Any CPU
		{D28F6393-B56B-40A2-AF67-E8D669F42546}.Release|x86.Build.0 = Release|Any CPU
		{4CC563F6-5352-4A77-A8C0-DC0D77A71DBB}.Debug|Any CPU.ActiveCfg = Debug|Any CPU
		{4CC563F6-5352-4A77-A8C0-DC0D77A71DBB}.Debug|Any CPU.Build.0 = Debug|Any CPU
		{4CC563F6-5352-4A77-A8C0-DC0D77A71DBB}.Debug|ARM.ActiveCfg = Debug|Any CPU
		{4CC563F6-5352-4A77-A8C0-DC0D77A71DBB}.Debug|ARM.Build.0 = Debug|Any CPU
		{4CC563F6-5352-4A77-A8C0-DC0D77A71DBB}.Debug|x64.ActiveCfg = Debug|Any CPU
		{4CC563F6-5352-4A77-A8C0-DC0D77A71DBB}.Debug|x64.Build.0 = Debug|Any CPU
		{4CC563F6-5352-4A77-A8C0-DC0D77A71DBB}.Debug|x86.ActiveCfg = Debug|Any CPU
		{4CC563F6-5352-4A77-A8C0-DC0D77A71DBB}.Debug|x86.Build.0 = Debug|Any CPU
		{4CC563F6-5352-4A77-A8C0-DC0D77A71DBB}.Release|Any CPU.ActiveCfg = Release|Any CPU
		{4CC563F6-5352-4A77-A8C0-DC0D77A71DBB}.Release|Any CPU.Build.0 = Release|Any CPU
		{4CC563F6-5352-4A77-A8C0-DC0D77A71DBB}.Release|ARM.ActiveCfg = Release|Any CPU
		{4CC563F6-5352-4A77-A8C0-DC0D77A71DBB}.Release|ARM.Build.0 = Release|Any CPU
		{4CC563F6-5352-4A77-A8C0-DC0D77A71DBB}.Release|x64.ActiveCfg = Release|Any CPU
		{4CC563F6-5352-4A77-A8C0-DC0D77A71DBB}.Release|x64.Build.0 = Release|Any CPU
		{4CC563F6-5352-4A77-A8C0-DC0D77A71DBB}.Release|x86.ActiveCfg = Release|Any CPU
		{4CC563F6-5352-4A77-A8C0-DC0D77A71DBB}.Release|x86.Build.0 = Release|Any CPU
	EndGlobalSection
	GlobalSection(SolutionProperties) = preSolution
		HideSolutionNode = FALSE
	EndGlobalSection
	GlobalSection(NestedProjects) = preSolution
		{6B45E89C-0788-4942-924F-EF6397114BD1} = {8463ED7E-69FB-49AE-85CF-0791AFD98E38}
		{D3804228-91F4-4502-9595-39584E510002} = {DBD7D9B6-FCC7-4650-91AF-E6457573A68F}
		{D3804228-91F4-4502-9595-39584E510000} = {DBD7D9B6-FCC7-4650-91AF-E6457573A68F}
		{D3804228-91F4-4502-9595-39584E510001} = {DBD7D9B6-FCC7-4650-91AF-E6457573A68F}
		{912FBF24-3CAE-4A50-B5EA-E525B9FAEC80} = {8463ED7E-69FB-49AE-85CF-0791AFD98E38}
		{BF97CB1B-5043-4256-8F42-CF3A4F3863BE} = {8463ED7E-69FB-49AE-85CF-0791AFD98E38}
		{60CE11E0-E057-45A2-8F8A-73B1BD045BFB} = {7971CAEB-B9F2-416B-966D-2D697C4C1E62}
		{0EB12661-F5CF-4071-9812-F4C8AF3D4531} = {7971CAEB-B9F2-416B-966D-2D697C4C1E62}
		{E587974C-19A9-426A-A952-216D5F883EB6} = {7971CAEB-B9F2-416B-966D-2D697C4C1E62}
		{5DC68E83-ABE0-4887-B17E-1ED4EEE89C2C} = {7971CAEB-B9F2-416B-966D-2D697C4C1E62}
		{437473EE-7FBB-4C28-96EC-41E1AEE161F3} = {7971CAEB-B9F2-416B-966D-2D697C4C1E62}
		{EDF434F6-70C0-4005-B63E-0C365B3DA42A} = {7971CAEB-B9F2-416B-966D-2D697C4C1E62}
		{F1880F07-238F-4A3A-9E58-141350665E1F} = {7971CAEB-B9F2-416B-966D-2D697C4C1E62}
		{E9C52E5E-28DC-4D45-B9AB-1B2CF2924A84} = {7971CAEB-B9F2-416B-966D-2D697C4C1E62}
		{36B101B1-720B-4770-B222-C6ADD464F9EC} = {7971CAEB-B9F2-416B-966D-2D697C4C1E62}
		{D3804228-91F4-4502-9595-39584EA20000} = {DBD7D9B6-FCC7-4650-91AF-E6457573A68F}
		{0077F262-D69B-44D2-8A7C-87D8D19022A6} = {7971CAEB-B9F2-416B-966D-2D697C4C1E62}
		{6D21EBF2-C92D-4AE0-9BC3-47C63928F88A} = {7971CAEB-B9F2-416B-966D-2D697C4C1E62}
		{D160E2CF-A7E1-4DDE-9AB8-8CFB0087DCEB} = {7971CAEB-B9F2-416B-966D-2D697C4C1E62}
		{0034821E-740D-4553-821B-14CE9213C43C} = {7971CAEB-B9F2-416B-966D-2D697C4C1E62}
		{CD80A3AC-B0E1-45ED-BE07-DE6A0F1D4CD8} = {122BC4FA-7563-4E35-9D17-077F16F1629F}
		{CDD8D5BF-A212-43DD-B043-4B7242C553E0} = {E97833C1-77B6-44E2-8793-C1F952CA936F}
		{7994FECC-965C-4A5D-8B0E-1A6EA769D4BE} = {DBD7D9B6-FCC7-4650-91AF-E6457573A68F}
		{D3804228-91F4-4502-9595-39584E519901} = {DBD7D9B6-FCC7-4650-91AF-E6457573A68F}
		{B3D1A89E-CE12-4A0D-B23E-8970D681C719} = {7971CAEB-B9F2-416B-966D-2D697C4C1E62}
		{060F5395-623F-464F-9C84-120E9496CBBA} = {ECA5702B-5D32-4888-A34E-9461FC533F23}
		{C7020A29-724F-40D3-9493-E6E9C018DE57} = {ECA5702B-5D32-4888-A34E-9461FC533F23}
		{C530A693-66FD-48A9-B42A-D613BB4CB754} = {ECA5702B-5D32-4888-A34E-9461FC533F23}
		{1D30F4EB-3CD9-446C-BDFB-107F79F05BBC} = {7971CAEB-B9F2-416B-966D-2D697C4C1E62}
		{38FDDF50-5F86-4B6D-9062-F687C6FD41A8} = {7971CAEB-B9F2-416B-966D-2D697C4C1E62}
		{85D70423-5800-41E9-B7D5-244AAF051A85} = {ECA5702B-5D32-4888-A34E-9461FC533F23}
		{CE0965F5-C4DD-4CAB-94C6-FE260775D2B3} = {ECA5702B-5D32-4888-A34E-9461FC533F23}
		{3DA1CE3B-D1FB-4CEC-A4A6-22495CC36655} = {122BC4FA-7563-4E35-9D17-077F16F1629F}
		{D28F6393-B56B-40A2-AF67-E8D669F42546} = {DBD7D9B6-FCC7-4650-91AF-E6457573A68F}
		{4CC563F6-5352-4A77-A8C0-DC0D77A71DBB} = {7971CAEB-B9F2-416B-966D-2D697C4C1E62}
	EndGlobalSection
	GlobalSection(ExtensibilityGlobals) = postSolution
		SolutionGuid = {94C56722-194E-4B8B-BC23-B3F754E89A20}
	EndGlobalSection
	GlobalSection(Performance) = preSolution
		HasPerformanceSessions = true
	EndGlobalSection
EndGlobal
